
Microsoft Visual Studio Solution File, Format Version 12.00
# Visual Studio Version 16
VisualStudioVersion = 16.0.30011.22
MinimumVisualStudioVersion = 10.0.40219.1
Project("{2150E333-8FDC-42A3-9474-1A3956D46DE8}") = "global", "global", "{5B331FD3-D493-46A9-928B-B786FC6F3103}"
	ProjectSection(SolutionItems) = preProject
		.editorconfig = .editorconfig
		Directory.Build.props = Directory.Build.props
		None.ruleset = None.ruleset
		stylecop.json = stylecop.json
		Xels.ruleset = Xels.ruleset
	EndProjectSection
EndProject
Project("{9A19103F-16F7-4668-BE54-9A1E7A4F7556}") = "Xels.Bitcoin", "Xels.Bitcoin\Xels.Bitcoin.csproj", "{094AECD5-E0D8-43A9-A0BD-39B01F51A1F2}"
EndProject
Project("{9A19103F-16F7-4668-BE54-9A1E7A4F7556}") = "Xels.Bitcoin.IntegrationTests", "Xels.Bitcoin.IntegrationTests\Xels.Bitcoin.IntegrationTests.csproj", "{800A5906-C050-4E75-9D7C-0CB1C404A0F8}"
EndProject
Project("{9A19103F-16F7-4668-BE54-9A1E7A4F7556}") = "Xels.BitcoinD", "Xels.BitcoinD\Xels.BitcoinD.csproj", "{878232F0-1FF1-4836-B5BC-E9B1279AA616}"
EndProject
Project("{9A19103F-16F7-4668-BE54-9A1E7A4F7556}") = "Xels.Bitcoin.Tests", "Xels.Bitcoin.Tests\Xels.Bitcoin.Tests.csproj", "{94FEB14E-D123-486D-A24D-D2BE725D96E3}"
EndProject
Project("{9A19103F-16F7-4668-BE54-9A1E7A4F7556}") = "Xels.XelsD", "Xels.XelsD\Xels.XelsD.csproj", "{34C17104-704E-4790-B398-D1F73CBEE31E}"
EndProject
Project("{2150E333-8FDC-42A3-9474-1A3956D46DE8}") = "External", "External", "{1B9A916F-DDAC-4675-B424-EDEDC1A58231}"
EndProject
Project("{9A19103F-16F7-4668-BE54-9A1E7A4F7556}") = "Xels.Bitcoin.Api.Tests", "Xels.Bitcoin.Api.Tests\Xels.Bitcoin.Api.Tests.csproj", "{E538B76A-513F-46D5-9F14-E35E79B484CA}"
EndProject
Project("{9A19103F-16F7-4668-BE54-9A1E7A4F7556}") = "Xels.Bitcoin.Features.LightWallet", "Xels.Bitcoin.Features.LightWallet\Xels.Bitcoin.Features.LightWallet.csproj", "{B03C69FA-F8AE-4037-B241-821DD00BC0E4}"
EndProject
Project("{9A19103F-16F7-4668-BE54-9A1E7A4F7556}") = "Xels.Bitcoin.Features.WatchOnlyWallet", "Xels.Bitcoin.Features.WatchOnlyWallet\Xels.Bitcoin.Features.WatchOnlyWallet.csproj", "{87C7B091-95DA-4818-B4D5-DF403A483F53}"
EndProject
Project("{9A19103F-16F7-4668-BE54-9A1E7A4F7556}") = "Xels.Bitcoin.Features.WatchOnlyWallet.Tests", "Xels.Bitcoin.Features.WatchOnlyWallet.Tests\Xels.Bitcoin.Features.WatchOnlyWallet.Tests.csproj", "{6E821949-A691-49DB-AC40-42D4CD759546}"
EndProject
Project("{9A19103F-16F7-4668-BE54-9A1E7A4F7556}") = "Xels.Bitcoin.Features.RPC", "Xels.Bitcoin.Features.RPC\Xels.Bitcoin.Features.RPC.csproj", "{5E0010F1-50B8-4FC5-A9C2-38D7DF73A0D2}"
EndProject
Project("{9A19103F-16F7-4668-BE54-9A1E7A4F7556}") = "Xels.Bitcoin.Features.RPC.Tests", "Xels.Bitcoin.Features.RPC.Tests\Xels.Bitcoin.Features.RPC.Tests.csproj", "{1B33E5B8-7162-4DA9-834F-4BE5E236CEBD}"
EndProject
Project("{9A19103F-16F7-4668-BE54-9A1E7A4F7556}") = "Xels.Bitcoin.Features.Miner", "Xels.Bitcoin.Features.Miner\Xels.Bitcoin.Features.Miner.csproj", "{22B296FE-26B4-4B84-8CF5-614F9D3716A6}"
EndProject
Project("{9A19103F-16F7-4668-BE54-9A1E7A4F7556}") = "Xels.Bitcoin.Features.Wallet", "Xels.Bitcoin.Features.Wallet\Xels.Bitcoin.Features.Wallet.csproj", "{6650A6CC-3B56-4D86-8DAA-FD0C8830113A}"
EndProject
Project("{9A19103F-16F7-4668-BE54-9A1E7A4F7556}") = "Xels.Bitcoin.Features.Wallet.Tests", "Xels.Bitcoin.Features.Wallet.Tests\Xels.Bitcoin.Features.Wallet.Tests.csproj", "{42F81858-3CE9-4C9B-BA36-378FE36600E1}"
EndProject
Project("{9A19103F-16F7-4668-BE54-9A1E7A4F7556}") = "Xels.Bitcoin.Features.BlockStore", "Xels.Bitcoin.Features.BlockStore\Xels.Bitcoin.Features.BlockStore.csproj", "{528DB00C-F8AE-4703-80E5-ECC37AC56A9E}"
EndProject
Project("{9A19103F-16F7-4668-BE54-9A1E7A4F7556}") = "Xels.Bitcoin.Features.BlockStore.Tests", "Xels.Bitcoin.Features.BlockStore.Tests\Xels.Bitcoin.Features.BlockStore.Tests.csproj", "{8B3DE868-8062-42C6-8D8A-A905A0D25DE4}"
EndProject
Project("{9A19103F-16F7-4668-BE54-9A1E7A4F7556}") = "Xels.Bitcoin.Features.MemoryPool", "Xels.Bitcoin.Features.MemoryPool\Xels.Bitcoin.Features.MemoryPool.csproj", "{AFDF6339-EE03-4F76-BFB5-024713230D91}"
EndProject
Project("{9A19103F-16F7-4668-BE54-9A1E7A4F7556}") = "Xels.Bitcoin.Features.MemoryPool.Tests", "Xels.Bitcoin.Features.MemoryPool.Tests\Xels.Bitcoin.Features.MemoryPool.Tests.csproj", "{0735CA29-50F0-4D29-9CDD-8121437D8170}"
EndProject
Project("{9A19103F-16F7-4668-BE54-9A1E7A4F7556}") = "Xels.Bitcoin.Features.Notifications", "Xels.Bitcoin.Features.Notifications\Xels.Bitcoin.Features.Notifications.csproj", "{5D10A9EE-C328-43EC-B9EF-A6B683AD44C3}"
EndProject
Project("{9A19103F-16F7-4668-BE54-9A1E7A4F7556}") = "Xels.Bitcoin.Features.Notifications.Tests", "Xels.Bitcoin.Features.Notifications.Tests\Xels.Bitcoin.Features.Notifications.Tests.csproj", "{4EB83447-271F-458D-8899-F2FB2C087CBE}"
EndProject
Project("{9A19103F-16F7-4668-BE54-9A1E7A4F7556}") = "Xels.Bitcoin.Features.Consensus", "Xels.Bitcoin.Features.Consensus\Xels.Bitcoin.Features.Consensus.csproj", "{75C364C1-0785-4EDD-9DB8-B0B21F27573C}"
EndProject
Project("{9A19103F-16F7-4668-BE54-9A1E7A4F7556}") = "Xels.Bitcoin.Features.Consensus.Tests", "Xels.Bitcoin.Features.Consensus.Tests\Xels.Bitcoin.Features.Consensus.Tests.csproj", "{84433C94-9CB7-4D6F-B2C1-C16B6F7F277C}"
EndProject
Project("{9A19103F-16F7-4668-BE54-9A1E7A4F7556}") = "Xels.Bitcoin.Cli", "Xels.Bitcoin.Cli\Xels.Bitcoin.Cli.csproj", "{BCC67768-8333-4723-842D-1A79C084CE3B}"
EndProject
Project("{9A19103F-16F7-4668-BE54-9A1E7A4F7556}") = "Xels.BreezeD", "Xels.BreezeD\Xels.BreezeD.csproj", "{0A73F282-3138-4BBB-83CB-5EA720C4CCA8}"
EndProject
Project("{2150E333-8FDC-42A3-9474-1A3956D46DE8}") = "Tests", "Tests", "{EAE139C2-B19C-4905-9117-8A4068ABD3D2}"
EndProject
Project("{2150E333-8FDC-42A3-9474-1A3956D46DE8}") = "Features", "Features", "{15D29FFD-6142-4DC5-AFFD-10BA0CA55C45}"
EndProject
Project("{9A19103F-16F7-4668-BE54-9A1E7A4F7556}") = "Xels.Bitcoin.Features.Api", "Xels.Bitcoin.Features.Api\Xels.Bitcoin.Features.Api.csproj", "{FB78D861-F3DF-412D-8A3D-D1756ADA39D4}"
EndProject
Project("{2150E333-8FDC-42A3-9474-1A3956D46DE8}") = "Solution Items", "Solution Items", "{8A1638E4-4D1B-46EE-8F5B-76282EB33041}"
	ProjectSection(SolutionItems) = preProject
		..\.travis.yml = ..\.travis.yml
		..\appveyor.yml = ..\appveyor.yml
		..\build.sh = ..\build.sh
		..\PushNuget.ps1 = ..\PushNuget.ps1
		..\PushSCNuget.ps1 = ..\PushSCNuget.ps1
	EndProjectSection
EndProject
Project("{9A19103F-16F7-4668-BE54-9A1E7A4F7556}") = "NBitcoin", "NBitcoin\NBitcoin.csproj", "{2051FCAC-D4C7-498D-B935-2E9E6DEA0C29}"
EndProject
Project("{9A19103F-16F7-4668-BE54-9A1E7A4F7556}") = "NBitcoin.Tests", "NBitcoin.Tests\NBitcoin.Tests.csproj", "{D97693D7-6A83-4143-83D8-621AC545D961}"
EndProject
Project("{9A19103F-16F7-4668-BE54-9A1E7A4F7556}") = "Xels.Bitcoin.Features.Miner.Tests", "Xels.Bitcoin.Features.Miner.Tests\Xels.Bitcoin.Features.Miner.Tests.csproj", "{59F274B7-0FC5-4AD6-A8AE-27BF6F15CC12}"
EndProject
Project("{9A19103F-16F7-4668-BE54-9A1E7A4F7556}") = "Xels.Bitcoin.Features.Dns", "Xels.Bitcoin.Features.Dns\Xels.Bitcoin.Features.Dns.csproj", "{6181B889-81B0-4A1E-A29F-E20DCD8BFC1F}"
EndProject
Project("{9A19103F-16F7-4668-BE54-9A1E7A4F7556}") = "Xels.Bitcoin.Features.Dns.Tests", "Xels.Bitcoin.Features.Dns.Tests\Xels.Bitcoin.Features.Dns.Tests.csproj", "{CB7A2800-8E98-4CD5-A88A-832E03AF7ABF}"
EndProject
Project("{9A19103F-16F7-4668-BE54-9A1E7A4F7556}") = "Xels.XelsDnsD", "Xels.XelsDnsD\Xels.XelsDnsD.csproj", "{978482B2-AE17-421E-AD6F-ED9667C6B8A1}"
EndProject
Project("{9A19103F-16F7-4668-BE54-9A1E7A4F7556}") = "Xels.Bitcoin.Tests.Wallet.Common", "Xels.Bitcoin.Tests.Wallet.Common\Xels.Bitcoin.Tests.Wallet.Common.csproj", "{A52CC0A6-D860-418C-8B08-8A1388D96D71}"
EndProject
Project("{9A19103F-16F7-4668-BE54-9A1E7A4F7556}") = "Xels.Bitcoin.Tests.Common", "Xels.Bitcoin.Tests.Common\Xels.Bitcoin.Tests.Common.csproj", "{2B3B9594-5074-48CE-BFC5-DA02B56C16CA}"
EndProject
Project("{9A19103F-16F7-4668-BE54-9A1E7A4F7556}") = "Xels.Bitcoin.IntegrationTests.Common", "Xels.Bitcoin.IntegrationTests.Common\Xels.Bitcoin.IntegrationTests.Common.csproj", "{B20B4F10-E43C-4BCC-B30C-856234BEA09F}"
EndProject
Project("{9A19103F-16F7-4668-BE54-9A1E7A4F7556}") = "Xels.Bitcoin.Features.SmartContracts", "Xels.Bitcoin.Features.SmartContracts\Xels.Bitcoin.Features.SmartContracts.csproj", "{8434A954-52E4-4C8E-81F6-502CA828507B}"
EndProject
Project("{9A19103F-16F7-4668-BE54-9A1E7A4F7556}") = "Xels.Bitcoin.Features.SmartContracts.Tests", "Xels.Bitcoin.Features.SmartContracts.Tests\Xels.Bitcoin.Features.SmartContracts.Tests.csproj", "{38F19BA9-EA00-4EB5-952A-0FAF43FFAA3D}"
EndProject
Project("{9A19103F-16F7-4668-BE54-9A1E7A4F7556}") = "Xels.SmartContracts.Core", "Xels.SmartContracts.Core\Xels.SmartContracts.Core.csproj", "{979B426B-1083-48EC-902D-462DEE8127F8}"
EndProject
Project("{9A19103F-16F7-4668-BE54-9A1E7A4F7556}") = "Xels.SmartContracts.CLR.Validation", "Xels.SmartContracts.CLR.Validation\Xels.SmartContracts.CLR.Validation.csproj", "{143DEC12-3B3E-421A-A724-D00BE552D546}"
EndProject
Project("{9A19103F-16F7-4668-BE54-9A1E7A4F7556}") = "Xels.SmartContracts.CLR", "Xels.SmartContracts.CLR\Xels.SmartContracts.CLR.csproj", "{246B2AEE-EC8B-4BCA-A6AC-959F5651AE4F}"
EndProject
Project("{9A19103F-16F7-4668-BE54-9A1E7A4F7556}") = "Xels.Bitcoin.Networks", "Xels.Bitcoin.Networks\Xels.Bitcoin.Networks.csproj", "{C1D739B1-79CB-4D42-8147-3A31D1B84868}"
EndProject
Project("{9A19103F-16F7-4668-BE54-9A1E7A4F7556}") = "Xels.SmartContracts.CLR.Validation.Tests", "Xels.SmartContracts.CLR.Validation.Tests\Xels.SmartContracts.CLR.Validation.Tests.csproj", "{247C062D-8A16-4DD8-93B4-1D1C3D49B498}"
EndProject
Project("{9A19103F-16F7-4668-BE54-9A1E7A4F7556}") = "Xels.SmartContracts.IntegrationTests", "Xels.SmartContracts.IntegrationTests\Xels.SmartContracts.IntegrationTests.csproj", "{BBE830D7-3AD3-41D9-8257-8CAA06F38E40}"
EndProject
Project("{9A19103F-16F7-4668-BE54-9A1E7A4F7556}") = "Xels.Bitcoin.Features.PoA", "Xels.Bitcoin.Features.PoA\Xels.Bitcoin.Features.PoA.csproj", "{7DFE2D04-EA64-45C9-B5F6-89B435E7C8B6}"
EndProject
Project("{9A19103F-16F7-4668-BE54-9A1E7A4F7556}") = "Xels.Bitcoin.Features.PoA.Tests", "Xels.Bitcoin.Features.PoA.Tests\Xels.Bitcoin.Features.PoA.Tests.csproj", "{A8EDFB26-17B5-48C0-BF38-E521EF5476E4}"
EndProject
Project("{9A19103F-16F7-4668-BE54-9A1E7A4F7556}") = "Xels.SmartContracts.Networks", "Xels.SmartContracts.Networks\Xels.SmartContracts.Networks.csproj", "{D45CAF59-5133-4995-AED2-EC6C3D41E3E3}"
EndProject
Project("{2150E333-8FDC-42A3-9474-1A3956D46DE8}") = "bips", "bips", "{D73CF3DE-0673-4846-B68F-ECFB836F14ED}"
EndProject
Project("{2150E333-8FDC-42A3-9474-1A3956D46DE8}") = "bip-0009", "bip-0009", "{A1DA94FF-5E0F-42F6-BC11-00680E4B9302}"
	ProjectSection(SolutionItems) = preProject
		assignments.mediawiki = assignments.mediawiki
	EndProjectSection
EndProject
Project("{9A19103F-16F7-4668-BE54-9A1E7A4F7556}") = "Xels.Bitcoin.Features.ColdStaking", "Xels.Bitcoin.Features.ColdStaking\Xels.Bitcoin.Features.ColdStaking.csproj", "{072C5F7C-4B75-46C9-A54D-774DA77ED1D1}"
EndProject
Project("{9A19103F-16F7-4668-BE54-9A1E7A4F7556}") = "Xels.Bitcoin.Features.ColdStaking.Tests", "Xels.Bitcoin.Features.ColdStaking.Tests\Xels.Bitcoin.Features.ColdStaking.Tests.csproj", "{0FE19EFE-98D7-4243-A8CC-30BCFFFC4499}"
EndProject
Project("{9A19103F-16F7-4668-BE54-9A1E7A4F7556}") = "Xels.Bitcoin.Features.PoA.IntegrationTests", "Xels.Bitcoin.Features.PoA.IntegrationTests\Xels.Bitcoin.Features.PoA.IntegrationTests.csproj", "{73CDDF96-B025-46F1-AFF1-121B3830AD81}"
EndProject
Project("{9A19103F-16F7-4668-BE54-9A1E7A4F7556}") = "Xels.SmartContracts.Tests.Common", "Xels.SmartContracts.Tests.Common\Xels.SmartContracts.Tests.Common.csproj", "{EABB9170-7F7C-404B-A248-DFB5A13879BA}"
EndProject
Project("{9A19103F-16F7-4668-BE54-9A1E7A4F7556}") = "Xels.Bitcoin.Features.PoA.IntegrationTests.Common", "Xels.Bitcoin.Features.PoA.IntegrationTests.Common\Xels.Bitcoin.Features.PoA.IntegrationTests.Common.csproj", "{6E5AA962-D466-4E9E-B682-6BB9CD96B6F8}"
EndProject
Project("{9A19103F-16F7-4668-BE54-9A1E7A4F7556}") = "Xels.SmartContracts.RuntimeObserver", "Xels.SmartContracts.RuntimeObserver\Xels.SmartContracts.RuntimeObserver.csproj", "{8FEFF18B-3546-4237-8FD1-9F184BC7B4C7}"
EndProject
Project("{9A19103F-16F7-4668-BE54-9A1E7A4F7556}") = "Xels.SmartContracts.CLR.Tests", "Xels.SmartContracts.CLR.Tests\Xels.SmartContracts.CLR.Tests.csproj", "{E98CB412-9684-4061-8E76-B6CD12A3C32A}"
EndProject
Project("{9A19103F-16F7-4668-BE54-9A1E7A4F7556}") = "Xels.SmartContracts.Core.Tests", "Xels.SmartContracts.Core.Tests\Xels.SmartContracts.Core.Tests.csproj", "{A1CF9560-A6A0-4270-9569-0D117AFA799C}"
EndProject
Project("{9A19103F-16F7-4668-BE54-9A1E7A4F7556}") = "Xels.Sidechains.Networks", "Xels.Sidechains.Networks\Xels.Sidechains.Networks.csproj", "{398E3C08-1628-4985-B3F3-36396A276E6F}"
EndProject
Project("{9A19103F-16F7-4668-BE54-9A1E7A4F7556}") = "Xels.Features.FederatedPeg", "Xels.Features.FederatedPeg\Xels.Features.FederatedPeg.csproj", "{C2781309-00DE-4AC4-ABBB-12FF26B8BFB7}"
EndProject
Project("{9A19103F-16F7-4668-BE54-9A1E7A4F7556}") = "Xels.Features.FederatedPeg.Tests", "Xels.Features.FederatedPeg.Tests\Xels.Features.FederatedPeg.Tests.csproj", "{DE629FE5-BC8A-4597-B19C-DDAB5EC1528D}"
EndProject
Project("{9A19103F-16F7-4668-BE54-9A1E7A4F7556}") = "Xels.XoyD", "Xels.XoyD\Xels.XoyD.csproj", "{D1A3A36B-4F50-4C10-9DAE-DACFAF617A6D}"
EndProject
Project("{9A19103F-16F7-4668-BE54-9A1E7A4F7556}") = "Xels.XoyPegD", "Xels.XoyPegD\Xels.XoyPegD.csproj", "{3E6D4D9E-CAF5-4A23-9C96-07B1B1FE76B7}"
EndProject
Project("{9A19103F-16F7-4668-BE54-9A1E7A4F7556}") = "Xels.Features.FederatedPeg.IntegrationTests", "Xels.Features.FederatedPeg.IntegrationTests\Xels.Features.FederatedPeg.IntegrationTests.csproj", "{D71A7BBE-E64A-4F2E-B2A9-6D742FE94ED9}"
EndProject
Project("{2150E333-8FDC-42A3-9474-1A3956D46DE8}") = "Benchmarks", "Benchmarks", "{7FFED910-450B-4D6E-9085-6E5A6731D72A}"
EndProject
Project("{9A19103F-16F7-4668-BE54-9A1E7A4F7556}") = "Xels.Benchmark", "Xels.Benchmark\Xels.Benchmark.csproj", "{B8BC6552-6409-4BE1-B085-E8E6513EC251}"
EndProject
Project("{9A19103F-16F7-4668-BE54-9A1E7A4F7556}") = "Xels.XoyDnsD", "Xels.XoyDnsD\Xels.XoyDnsD.csproj", "{62CE1282-A077-4454-A718-7A5BA5756BE9}"
EndProject
Project("{9A19103F-16F7-4668-BE54-9A1E7A4F7556}") = "FederationSetup", "FederationSetup\FederationSetup.csproj", "{C83A089D-7B30-46BB-BBE3-AFBBAFB9A40D}"
EndProject
Project("{9A19103F-16F7-4668-BE54-9A1E7A4F7556}") = "Xels.XoyMinerD", "Xels.XoyMinerD\Xels.XoyMinerD.csproj", "{4548A1D1-C4E2-460C-A06A-FF8A994919D8}"
EndProject
Project("{9A19103F-16F7-4668-BE54-9A1E7A4F7556}") = "Xels.Bitcoin.Features.SignalR", "Xels.Bitcoin.Features.SignalR\Xels.Bitcoin.Features.SignalR.csproj", "{6BBFFE59-0597-4ADA-A592-CED25C05C01A}"
EndProject
Project("{9A19103F-16F7-4668-BE54-9A1E7A4F7556}") = "Xels.Features.Diagnostic", "Xels.Features.Diagnostic\Xels.Features.Diagnostic.csproj", "{53209209-7239-4FEB-BE8D-B2DF6145BBDA}"
EndProject
Project("{9A19103F-16F7-4668-BE54-9A1E7A4F7556}") = "FodyNlogAdapter", "FodyNlogAdapter\FodyNlogAdapter.csproj", "{2576847F-BFFC-4F0A-B883-28F2E38FEC7F}"
EndProject
Project("{9A19103F-16F7-4668-BE54-9A1E7A4F7556}") = "Xels.Features.Collateral", "Xels.Features.Collateral\Xels.Features.Collateral.csproj", "{AFEA4601-7938-44D2-A295-DBA022069F5B}"
EndProject
Project("{9A19103F-16F7-4668-BE54-9A1E7A4F7556}") = "Xels.Features.SQLiteWalletRepository", "Xels.Features.SQLiteWalletRepository\Xels.Features.SQLiteWalletRepository.csproj", "{AA085181-BBB4-495E-BFD8-7AE4BB52A0A0}"
EndProject
Project("{9A19103F-16F7-4668-BE54-9A1E7A4F7556}") = "Xels.Features.SQLiteWalletRepository.Tests", "Xels.Features.SQLiteWalletRepository.Tests\Xels.Features.SQLiteWalletRepository.Tests.csproj", "{789E4584-5616-4F0C-A3E8-88669B6AA91F}"
EndProject
Project("{9A19103F-16F7-4668-BE54-9A1E7A4F7556}") = "Xels.SmartContracts", "Xels.SmartContracts\Xels.SmartContracts.csproj", "{4501CDFF-8B39-40FB-AFF2-B5D3D0526CC1}"
EndProject
Project("{9A19103F-16F7-4668-BE54-9A1E7A4F7556}") = "Xels.SmartContracts.Tests", "Xels.SmartContracts.Tests\Xels.SmartContracts.Tests.csproj", "{F48FDD6D-67D1-4A64-A81E-AC36A4678694}"
EndProject
Project("{9A19103F-16F7-4668-BE54-9A1E7A4F7556}") = "Xels.SmartContracts.Standards", "Xels.SmartContracts.Standards\Xels.SmartContracts.Standards.csproj", "{6BE36716-655D-4847-A1A4-B30D77ADA7E7}"
EndProject
Project("{930C7802-8A8C-48F9-8165-68863BCCD9DD}") = "Setup", "Setup\Setup.wixproj", "{1450835C-BBBB-45AB-A2DA-40E4F08CBEDD}"
EndProject
Project("{930C7802-8A8C-48F9-8165-68863BCCD9DD}") = "SetupXeo", "SetupXeo\SetupXeo.wixproj", "{EE88EB42-D1EC-4ECB-8D7F-515088F02A17}"
EndProject
Project("{930C7802-8A8C-48F9-8165-68863BCCD9DD}") = "SetupXeoSideChain", "SetupXeoSideChain\SetupXeoSideChain.wixproj", "{1022E620-9D0D-42AB-91B0-D510AC02E810}"
EndProject
Project("{930C7802-8A8C-48F9-8165-68863BCCD9DD}") = "SetupXoy", "SetupXoy\SetupXoy.wixproj", "{AC0FBDFD-4E40-45F0-9F17-C3DC2C76CBDE}"
EndProject
Project("{9A19103F-16F7-4668-BE54-9A1E7A4F7556}") = "Xels.Bitcoin.Features.BlockExplorer", "Xels.Bitcoin.Features.BlockExplorer\Xels.Bitcoin.Features.BlockExplorer.csproj", "{41FA41CD-24CD-4DE8-B5F8-CAC5F754D127}"
EndProject
Global
	GlobalSection(SolutionConfigurationPlatforms) = preSolution
		Debug|Any CPU = Debug|Any CPU
		Debug|x64 = Debug|x64
		Release|Any CPU = Release|Any CPU
		Release|x64 = Release|x64
	EndGlobalSection
	GlobalSection(ProjectConfigurationPlatforms) = postSolution
		{094AECD5-E0D8-43A9-A0BD-39B01F51A1F2}.Debug|Any CPU.ActiveCfg = Debug|Any CPU
		{094AECD5-E0D8-43A9-A0BD-39B01F51A1F2}.Debug|Any CPU.Build.0 = Debug|Any CPU
		{094AECD5-E0D8-43A9-A0BD-39B01F51A1F2}.Debug|x64.ActiveCfg = Debug|Any CPU
		{094AECD5-E0D8-43A9-A0BD-39B01F51A1F2}.Debug|x64.Build.0 = Debug|Any CPU
		{094AECD5-E0D8-43A9-A0BD-39B01F51A1F2}.Release|Any CPU.ActiveCfg = Release|Any CPU
		{094AECD5-E0D8-43A9-A0BD-39B01F51A1F2}.Release|Any CPU.Build.0 = Release|Any CPU
		{094AECD5-E0D8-43A9-A0BD-39B01F51A1F2}.Release|x64.ActiveCfg = Release|Any CPU
		{094AECD5-E0D8-43A9-A0BD-39B01F51A1F2}.Release|x64.Build.0 = Release|Any CPU
		{800A5906-C050-4E75-9D7C-0CB1C404A0F8}.Debug|Any CPU.ActiveCfg = Debug|Any CPU
		{800A5906-C050-4E75-9D7C-0CB1C404A0F8}.Debug|Any CPU.Build.0 = Debug|Any CPU
		{800A5906-C050-4E75-9D7C-0CB1C404A0F8}.Debug|x64.ActiveCfg = Debug|Any CPU
		{800A5906-C050-4E75-9D7C-0CB1C404A0F8}.Debug|x64.Build.0 = Debug|Any CPU
		{800A5906-C050-4E75-9D7C-0CB1C404A0F8}.Release|Any CPU.ActiveCfg = Release|Any CPU
		{800A5906-C050-4E75-9D7C-0CB1C404A0F8}.Release|Any CPU.Build.0 = Release|Any CPU
		{800A5906-C050-4E75-9D7C-0CB1C404A0F8}.Release|x64.ActiveCfg = Release|Any CPU
		{800A5906-C050-4E75-9D7C-0CB1C404A0F8}.Release|x64.Build.0 = Release|Any CPU
		{878232F0-1FF1-4836-B5BC-E9B1279AA616}.Debug|Any CPU.ActiveCfg = Debug|Any CPU
		{878232F0-1FF1-4836-B5BC-E9B1279AA616}.Debug|Any CPU.Build.0 = Debug|Any CPU
		{878232F0-1FF1-4836-B5BC-E9B1279AA616}.Debug|x64.ActiveCfg = Debug|Any CPU
		{878232F0-1FF1-4836-B5BC-E9B1279AA616}.Debug|x64.Build.0 = Debug|Any CPU
		{878232F0-1FF1-4836-B5BC-E9B1279AA616}.Release|Any CPU.ActiveCfg = Release|Any CPU
		{878232F0-1FF1-4836-B5BC-E9B1279AA616}.Release|Any CPU.Build.0 = Release|Any CPU
		{878232F0-1FF1-4836-B5BC-E9B1279AA616}.Release|x64.ActiveCfg = Release|Any CPU
		{878232F0-1FF1-4836-B5BC-E9B1279AA616}.Release|x64.Build.0 = Release|Any CPU
		{94FEB14E-D123-486D-A24D-D2BE725D96E3}.Debug|Any CPU.ActiveCfg = Debug|Any CPU
		{94FEB14E-D123-486D-A24D-D2BE725D96E3}.Debug|Any CPU.Build.0 = Debug|Any CPU
		{94FEB14E-D123-486D-A24D-D2BE725D96E3}.Debug|x64.ActiveCfg = Debug|Any CPU
		{94FEB14E-D123-486D-A24D-D2BE725D96E3}.Debug|x64.Build.0 = Debug|Any CPU
		{94FEB14E-D123-486D-A24D-D2BE725D96E3}.Release|Any CPU.ActiveCfg = Release|Any CPU
		{94FEB14E-D123-486D-A24D-D2BE725D96E3}.Release|Any CPU.Build.0 = Release|Any CPU
		{94FEB14E-D123-486D-A24D-D2BE725D96E3}.Release|x64.ActiveCfg = Release|Any CPU
		{94FEB14E-D123-486D-A24D-D2BE725D96E3}.Release|x64.Build.0 = Release|Any CPU
		{34C17104-704E-4790-B398-D1F73CBEE31E}.Debug|Any CPU.ActiveCfg = Debug|Any CPU
		{34C17104-704E-4790-B398-D1F73CBEE31E}.Debug|Any CPU.Build.0 = Debug|Any CPU
		{34C17104-704E-4790-B398-D1F73CBEE31E}.Debug|x64.ActiveCfg = Debug|Any CPU
		{34C17104-704E-4790-B398-D1F73CBEE31E}.Debug|x64.Build.0 = Debug|Any CPU
		{34C17104-704E-4790-B398-D1F73CBEE31E}.Release|Any CPU.ActiveCfg = Release|Any CPU
		{34C17104-704E-4790-B398-D1F73CBEE31E}.Release|Any CPU.Build.0 = Release|Any CPU
		{34C17104-704E-4790-B398-D1F73CBEE31E}.Release|x64.ActiveCfg = Release|Any CPU
		{34C17104-704E-4790-B398-D1F73CBEE31E}.Release|x64.Build.0 = Release|Any CPU
		{E538B76A-513F-46D5-9F14-E35E79B484CA}.Debug|Any CPU.ActiveCfg = Debug|Any CPU
		{E538B76A-513F-46D5-9F14-E35E79B484CA}.Debug|Any CPU.Build.0 = Debug|Any CPU
		{E538B76A-513F-46D5-9F14-E35E79B484CA}.Debug|x64.ActiveCfg = Debug|Any CPU
		{E538B76A-513F-46D5-9F14-E35E79B484CA}.Debug|x64.Build.0 = Debug|Any CPU
		{E538B76A-513F-46D5-9F14-E35E79B484CA}.Release|Any CPU.ActiveCfg = Release|Any CPU
		{E538B76A-513F-46D5-9F14-E35E79B484CA}.Release|Any CPU.Build.0 = Release|Any CPU
		{E538B76A-513F-46D5-9F14-E35E79B484CA}.Release|x64.ActiveCfg = Release|Any CPU
		{E538B76A-513F-46D5-9F14-E35E79B484CA}.Release|x64.Build.0 = Release|Any CPU
		{B03C69FA-F8AE-4037-B241-821DD00BC0E4}.Debug|Any CPU.ActiveCfg = Debug|Any CPU
		{B03C69FA-F8AE-4037-B241-821DD00BC0E4}.Debug|Any CPU.Build.0 = Debug|Any CPU
		{B03C69FA-F8AE-4037-B241-821DD00BC0E4}.Debug|x64.ActiveCfg = Debug|Any CPU
		{B03C69FA-F8AE-4037-B241-821DD00BC0E4}.Debug|x64.Build.0 = Debug|Any CPU
		{B03C69FA-F8AE-4037-B241-821DD00BC0E4}.Release|Any CPU.ActiveCfg = Release|Any CPU
		{B03C69FA-F8AE-4037-B241-821DD00BC0E4}.Release|Any CPU.Build.0 = Release|Any CPU
		{B03C69FA-F8AE-4037-B241-821DD00BC0E4}.Release|x64.ActiveCfg = Release|Any CPU
		{B03C69FA-F8AE-4037-B241-821DD00BC0E4}.Release|x64.Build.0 = Release|Any CPU
		{87C7B091-95DA-4818-B4D5-DF403A483F53}.Debug|Any CPU.ActiveCfg = Debug|Any CPU
		{87C7B091-95DA-4818-B4D5-DF403A483F53}.Debug|Any CPU.Build.0 = Debug|Any CPU
		{87C7B091-95DA-4818-B4D5-DF403A483F53}.Debug|x64.ActiveCfg = Debug|Any CPU
		{87C7B091-95DA-4818-B4D5-DF403A483F53}.Debug|x64.Build.0 = Debug|Any CPU
		{87C7B091-95DA-4818-B4D5-DF403A483F53}.Release|Any CPU.ActiveCfg = Release|Any CPU
		{87C7B091-95DA-4818-B4D5-DF403A483F53}.Release|Any CPU.Build.0 = Release|Any CPU
		{87C7B091-95DA-4818-B4D5-DF403A483F53}.Release|x64.ActiveCfg = Release|Any CPU
		{87C7B091-95DA-4818-B4D5-DF403A483F53}.Release|x64.Build.0 = Release|Any CPU
		{6E821949-A691-49DB-AC40-42D4CD759546}.Debug|Any CPU.ActiveCfg = Debug|Any CPU
		{6E821949-A691-49DB-AC40-42D4CD759546}.Debug|Any CPU.Build.0 = Debug|Any CPU
		{6E821949-A691-49DB-AC40-42D4CD759546}.Debug|x64.ActiveCfg = Debug|Any CPU
		{6E821949-A691-49DB-AC40-42D4CD759546}.Debug|x64.Build.0 = Debug|Any CPU
		{6E821949-A691-49DB-AC40-42D4CD759546}.Release|Any CPU.ActiveCfg = Release|Any CPU
		{6E821949-A691-49DB-AC40-42D4CD759546}.Release|Any CPU.Build.0 = Release|Any CPU
		{6E821949-A691-49DB-AC40-42D4CD759546}.Release|x64.ActiveCfg = Release|Any CPU
		{6E821949-A691-49DB-AC40-42D4CD759546}.Release|x64.Build.0 = Release|Any CPU
		{5E0010F1-50B8-4FC5-A9C2-38D7DF73A0D2}.Debug|Any CPU.ActiveCfg = Debug|Any CPU
		{5E0010F1-50B8-4FC5-A9C2-38D7DF73A0D2}.Debug|Any CPU.Build.0 = Debug|Any CPU
		{5E0010F1-50B8-4FC5-A9C2-38D7DF73A0D2}.Debug|x64.ActiveCfg = Debug|Any CPU
		{5E0010F1-50B8-4FC5-A9C2-38D7DF73A0D2}.Debug|x64.Build.0 = Debug|Any CPU
		{5E0010F1-50B8-4FC5-A9C2-38D7DF73A0D2}.Release|Any CPU.ActiveCfg = Release|Any CPU
		{5E0010F1-50B8-4FC5-A9C2-38D7DF73A0D2}.Release|Any CPU.Build.0 = Release|Any CPU
		{5E0010F1-50B8-4FC5-A9C2-38D7DF73A0D2}.Release|x64.ActiveCfg = Release|Any CPU
		{5E0010F1-50B8-4FC5-A9C2-38D7DF73A0D2}.Release|x64.Build.0 = Release|Any CPU
		{1B33E5B8-7162-4DA9-834F-4BE5E236CEBD}.Debug|Any CPU.ActiveCfg = Debug|Any CPU
		{1B33E5B8-7162-4DA9-834F-4BE5E236CEBD}.Debug|Any CPU.Build.0 = Debug|Any CPU
		{1B33E5B8-7162-4DA9-834F-4BE5E236CEBD}.Debug|x64.ActiveCfg = Debug|Any CPU
		{1B33E5B8-7162-4DA9-834F-4BE5E236CEBD}.Debug|x64.Build.0 = Debug|Any CPU
		{1B33E5B8-7162-4DA9-834F-4BE5E236CEBD}.Release|Any CPU.ActiveCfg = Release|Any CPU
		{1B33E5B8-7162-4DA9-834F-4BE5E236CEBD}.Release|Any CPU.Build.0 = Release|Any CPU
		{1B33E5B8-7162-4DA9-834F-4BE5E236CEBD}.Release|x64.ActiveCfg = Release|Any CPU
		{1B33E5B8-7162-4DA9-834F-4BE5E236CEBD}.Release|x64.Build.0 = Release|Any CPU
		{22B296FE-26B4-4B84-8CF5-614F9D3716A6}.Debug|Any CPU.ActiveCfg = Debug|Any CPU
		{22B296FE-26B4-4B84-8CF5-614F9D3716A6}.Debug|Any CPU.Build.0 = Debug|Any CPU
		{22B296FE-26B4-4B84-8CF5-614F9D3716A6}.Debug|x64.ActiveCfg = Debug|Any CPU
		{22B296FE-26B4-4B84-8CF5-614F9D3716A6}.Debug|x64.Build.0 = Debug|Any CPU
		{22B296FE-26B4-4B84-8CF5-614F9D3716A6}.Release|Any CPU.ActiveCfg = Release|Any CPU
		{22B296FE-26B4-4B84-8CF5-614F9D3716A6}.Release|Any CPU.Build.0 = Release|Any CPU
		{22B296FE-26B4-4B84-8CF5-614F9D3716A6}.Release|x64.ActiveCfg = Release|Any CPU
		{22B296FE-26B4-4B84-8CF5-614F9D3716A6}.Release|x64.Build.0 = Release|Any CPU
		{6650A6CC-3B56-4D86-8DAA-FD0C8830113A}.Debug|Any CPU.ActiveCfg = Debug|Any CPU
		{6650A6CC-3B56-4D86-8DAA-FD0C8830113A}.Debug|Any CPU.Build.0 = Debug|Any CPU
		{6650A6CC-3B56-4D86-8DAA-FD0C8830113A}.Debug|x64.ActiveCfg = Debug|Any CPU
		{6650A6CC-3B56-4D86-8DAA-FD0C8830113A}.Debug|x64.Build.0 = Debug|Any CPU
		{6650A6CC-3B56-4D86-8DAA-FD0C8830113A}.Release|Any CPU.ActiveCfg = Release|Any CPU
		{6650A6CC-3B56-4D86-8DAA-FD0C8830113A}.Release|Any CPU.Build.0 = Release|Any CPU
		{6650A6CC-3B56-4D86-8DAA-FD0C8830113A}.Release|x64.ActiveCfg = Release|Any CPU
		{6650A6CC-3B56-4D86-8DAA-FD0C8830113A}.Release|x64.Build.0 = Release|Any CPU
		{42F81858-3CE9-4C9B-BA36-378FE36600E1}.Debug|Any CPU.ActiveCfg = Debug|Any CPU
		{42F81858-3CE9-4C9B-BA36-378FE36600E1}.Debug|Any CPU.Build.0 = Debug|Any CPU
		{42F81858-3CE9-4C9B-BA36-378FE36600E1}.Debug|x64.ActiveCfg = Debug|Any CPU
		{42F81858-3CE9-4C9B-BA36-378FE36600E1}.Debug|x64.Build.0 = Debug|Any CPU
		{42F81858-3CE9-4C9B-BA36-378FE36600E1}.Release|Any CPU.ActiveCfg = Release|Any CPU
		{42F81858-3CE9-4C9B-BA36-378FE36600E1}.Release|Any CPU.Build.0 = Release|Any CPU
		{42F81858-3CE9-4C9B-BA36-378FE36600E1}.Release|x64.ActiveCfg = Release|Any CPU
		{42F81858-3CE9-4C9B-BA36-378FE36600E1}.Release|x64.Build.0 = Release|Any CPU
		{528DB00C-F8AE-4703-80E5-ECC37AC56A9E}.Debug|Any CPU.ActiveCfg = Debug|Any CPU
		{528DB00C-F8AE-4703-80E5-ECC37AC56A9E}.Debug|Any CPU.Build.0 = Debug|Any CPU
		{528DB00C-F8AE-4703-80E5-ECC37AC56A9E}.Debug|x64.ActiveCfg = Debug|Any CPU
		{528DB00C-F8AE-4703-80E5-ECC37AC56A9E}.Debug|x64.Build.0 = Debug|Any CPU
		{528DB00C-F8AE-4703-80E5-ECC37AC56A9E}.Release|Any CPU.ActiveCfg = Release|Any CPU
		{528DB00C-F8AE-4703-80E5-ECC37AC56A9E}.Release|Any CPU.Build.0 = Release|Any CPU
		{528DB00C-F8AE-4703-80E5-ECC37AC56A9E}.Release|x64.ActiveCfg = Release|Any CPU
		{528DB00C-F8AE-4703-80E5-ECC37AC56A9E}.Release|x64.Build.0 = Release|Any CPU
		{8B3DE868-8062-42C6-8D8A-A905A0D25DE4}.Debug|Any CPU.ActiveCfg = Debug|Any CPU
		{8B3DE868-8062-42C6-8D8A-A905A0D25DE4}.Debug|Any CPU.Build.0 = Debug|Any CPU
		{8B3DE868-8062-42C6-8D8A-A905A0D25DE4}.Debug|x64.ActiveCfg = Debug|Any CPU
		{8B3DE868-8062-42C6-8D8A-A905A0D25DE4}.Debug|x64.Build.0 = Debug|Any CPU
		{8B3DE868-8062-42C6-8D8A-A905A0D25DE4}.Release|Any CPU.ActiveCfg = Release|Any CPU
		{8B3DE868-8062-42C6-8D8A-A905A0D25DE4}.Release|Any CPU.Build.0 = Release|Any CPU
		{8B3DE868-8062-42C6-8D8A-A905A0D25DE4}.Release|x64.ActiveCfg = Release|Any CPU
		{8B3DE868-8062-42C6-8D8A-A905A0D25DE4}.Release|x64.Build.0 = Release|Any CPU
		{AFDF6339-EE03-4F76-BFB5-024713230D91}.Debug|Any CPU.ActiveCfg = Debug|Any CPU
		{AFDF6339-EE03-4F76-BFB5-024713230D91}.Debug|Any CPU.Build.0 = Debug|Any CPU
		{AFDF6339-EE03-4F76-BFB5-024713230D91}.Debug|x64.ActiveCfg = Debug|Any CPU
		{AFDF6339-EE03-4F76-BFB5-024713230D91}.Debug|x64.Build.0 = Debug|Any CPU
		{AFDF6339-EE03-4F76-BFB5-024713230D91}.Release|Any CPU.ActiveCfg = Release|Any CPU
		{AFDF6339-EE03-4F76-BFB5-024713230D91}.Release|Any CPU.Build.0 = Release|Any CPU
		{AFDF6339-EE03-4F76-BFB5-024713230D91}.Release|x64.ActiveCfg = Release|Any CPU
		{AFDF6339-EE03-4F76-BFB5-024713230D91}.Release|x64.Build.0 = Release|Any CPU
		{0735CA29-50F0-4D29-9CDD-8121437D8170}.Debug|Any CPU.ActiveCfg = Debug|Any CPU
		{0735CA29-50F0-4D29-9CDD-8121437D8170}.Debug|Any CPU.Build.0 = Debug|Any CPU
		{0735CA29-50F0-4D29-9CDD-8121437D8170}.Debug|x64.ActiveCfg = Debug|Any CPU
		{0735CA29-50F0-4D29-9CDD-8121437D8170}.Debug|x64.Build.0 = Debug|Any CPU
		{0735CA29-50F0-4D29-9CDD-8121437D8170}.Release|Any CPU.ActiveCfg = Release|Any CPU
		{0735CA29-50F0-4D29-9CDD-8121437D8170}.Release|Any CPU.Build.0 = Release|Any CPU
		{0735CA29-50F0-4D29-9CDD-8121437D8170}.Release|x64.ActiveCfg = Release|Any CPU
		{0735CA29-50F0-4D29-9CDD-8121437D8170}.Release|x64.Build.0 = Release|Any CPU
		{5D10A9EE-C328-43EC-B9EF-A6B683AD44C3}.Debug|Any CPU.ActiveCfg = Debug|Any CPU
		{5D10A9EE-C328-43EC-B9EF-A6B683AD44C3}.Debug|Any CPU.Build.0 = Debug|Any CPU
		{5D10A9EE-C328-43EC-B9EF-A6B683AD44C3}.Debug|x64.ActiveCfg = Debug|Any CPU
		{5D10A9EE-C328-43EC-B9EF-A6B683AD44C3}.Debug|x64.Build.0 = Debug|Any CPU
		{5D10A9EE-C328-43EC-B9EF-A6B683AD44C3}.Release|Any CPU.ActiveCfg = Release|Any CPU
		{5D10A9EE-C328-43EC-B9EF-A6B683AD44C3}.Release|Any CPU.Build.0 = Release|Any CPU
		{5D10A9EE-C328-43EC-B9EF-A6B683AD44C3}.Release|x64.ActiveCfg = Release|Any CPU
		{5D10A9EE-C328-43EC-B9EF-A6B683AD44C3}.Release|x64.Build.0 = Release|Any CPU
		{4EB83447-271F-458D-8899-F2FB2C087CBE}.Debug|Any CPU.ActiveCfg = Debug|Any CPU
		{4EB83447-271F-458D-8899-F2FB2C087CBE}.Debug|Any CPU.Build.0 = Debug|Any CPU
		{4EB83447-271F-458D-8899-F2FB2C087CBE}.Debug|x64.ActiveCfg = Debug|Any CPU
		{4EB83447-271F-458D-8899-F2FB2C087CBE}.Debug|x64.Build.0 = Debug|Any CPU
		{4EB83447-271F-458D-8899-F2FB2C087CBE}.Release|Any CPU.ActiveCfg = Release|Any CPU
		{4EB83447-271F-458D-8899-F2FB2C087CBE}.Release|Any CPU.Build.0 = Release|Any CPU
		{4EB83447-271F-458D-8899-F2FB2C087CBE}.Release|x64.ActiveCfg = Release|Any CPU
		{4EB83447-271F-458D-8899-F2FB2C087CBE}.Release|x64.Build.0 = Release|Any CPU
		{75C364C1-0785-4EDD-9DB8-B0B21F27573C}.Debug|Any CPU.ActiveCfg = Debug|Any CPU
		{75C364C1-0785-4EDD-9DB8-B0B21F27573C}.Debug|Any CPU.Build.0 = Debug|Any CPU
		{75C364C1-0785-4EDD-9DB8-B0B21F27573C}.Debug|x64.ActiveCfg = Debug|Any CPU
		{75C364C1-0785-4EDD-9DB8-B0B21F27573C}.Debug|x64.Build.0 = Debug|Any CPU
		{75C364C1-0785-4EDD-9DB8-B0B21F27573C}.Release|Any CPU.ActiveCfg = Release|Any CPU
		{75C364C1-0785-4EDD-9DB8-B0B21F27573C}.Release|Any CPU.Build.0 = Release|Any CPU
		{75C364C1-0785-4EDD-9DB8-B0B21F27573C}.Release|x64.ActiveCfg = Release|Any CPU
		{75C364C1-0785-4EDD-9DB8-B0B21F27573C}.Release|x64.Build.0 = Release|Any CPU
		{84433C94-9CB7-4D6F-B2C1-C16B6F7F277C}.Debug|Any CPU.ActiveCfg = Debug|Any CPU
		{84433C94-9CB7-4D6F-B2C1-C16B6F7F277C}.Debug|Any CPU.Build.0 = Debug|Any CPU
		{84433C94-9CB7-4D6F-B2C1-C16B6F7F277C}.Debug|x64.ActiveCfg = Debug|Any CPU
		{84433C94-9CB7-4D6F-B2C1-C16B6F7F277C}.Debug|x64.Build.0 = Debug|Any CPU
		{84433C94-9CB7-4D6F-B2C1-C16B6F7F277C}.Release|Any CPU.ActiveCfg = Release|Any CPU
		{84433C94-9CB7-4D6F-B2C1-C16B6F7F277C}.Release|Any CPU.Build.0 = Release|Any CPU
		{84433C94-9CB7-4D6F-B2C1-C16B6F7F277C}.Release|x64.ActiveCfg = Release|Any CPU
		{84433C94-9CB7-4D6F-B2C1-C16B6F7F277C}.Release|x64.Build.0 = Release|Any CPU
		{BCC67768-8333-4723-842D-1A79C084CE3B}.Debug|Any CPU.ActiveCfg = Debug|Any CPU
		{BCC67768-8333-4723-842D-1A79C084CE3B}.Debug|Any CPU.Build.0 = Debug|Any CPU
		{BCC67768-8333-4723-842D-1A79C084CE3B}.Debug|x64.ActiveCfg = Debug|Any CPU
		{BCC67768-8333-4723-842D-1A79C084CE3B}.Debug|x64.Build.0 = Debug|Any CPU
		{BCC67768-8333-4723-842D-1A79C084CE3B}.Release|Any CPU.ActiveCfg = Release|Any CPU
		{BCC67768-8333-4723-842D-1A79C084CE3B}.Release|Any CPU.Build.0 = Release|Any CPU
		{BCC67768-8333-4723-842D-1A79C084CE3B}.Release|x64.ActiveCfg = Release|Any CPU
		{BCC67768-8333-4723-842D-1A79C084CE3B}.Release|x64.Build.0 = Release|Any CPU
		{0A73F282-3138-4BBB-83CB-5EA720C4CCA8}.Debug|Any CPU.ActiveCfg = Debug|Any CPU
		{0A73F282-3138-4BBB-83CB-5EA720C4CCA8}.Debug|Any CPU.Build.0 = Debug|Any CPU
		{0A73F282-3138-4BBB-83CB-5EA720C4CCA8}.Debug|x64.ActiveCfg = Debug|Any CPU
		{0A73F282-3138-4BBB-83CB-5EA720C4CCA8}.Debug|x64.Build.0 = Debug|Any CPU
		{0A73F282-3138-4BBB-83CB-5EA720C4CCA8}.Release|Any CPU.ActiveCfg = Release|Any CPU
		{0A73F282-3138-4BBB-83CB-5EA720C4CCA8}.Release|Any CPU.Build.0 = Release|Any CPU
		{0A73F282-3138-4BBB-83CB-5EA720C4CCA8}.Release|x64.ActiveCfg = Release|Any CPU
		{0A73F282-3138-4BBB-83CB-5EA720C4CCA8}.Release|x64.Build.0 = Release|Any CPU
		{FB78D861-F3DF-412D-8A3D-D1756ADA39D4}.Debug|Any CPU.ActiveCfg = Debug|Any CPU
		{FB78D861-F3DF-412D-8A3D-D1756ADA39D4}.Debug|Any CPU.Build.0 = Debug|Any CPU
		{FB78D861-F3DF-412D-8A3D-D1756ADA39D4}.Debug|x64.ActiveCfg = Debug|Any CPU
		{FB78D861-F3DF-412D-8A3D-D1756ADA39D4}.Debug|x64.Build.0 = Debug|Any CPU
		{FB78D861-F3DF-412D-8A3D-D1756ADA39D4}.Release|Any CPU.ActiveCfg = Release|Any CPU
		{FB78D861-F3DF-412D-8A3D-D1756ADA39D4}.Release|Any CPU.Build.0 = Release|Any CPU
		{FB78D861-F3DF-412D-8A3D-D1756ADA39D4}.Release|x64.ActiveCfg = Release|Any CPU
		{FB78D861-F3DF-412D-8A3D-D1756ADA39D4}.Release|x64.Build.0 = Release|Any CPU
		{2051FCAC-D4C7-498D-B935-2E9E6DEA0C29}.Debug|Any CPU.ActiveCfg = Debug|Any CPU
		{2051FCAC-D4C7-498D-B935-2E9E6DEA0C29}.Debug|Any CPU.Build.0 = Debug|Any CPU
		{2051FCAC-D4C7-498D-B935-2E9E6DEA0C29}.Debug|x64.ActiveCfg = Debug|Any CPU
		{2051FCAC-D4C7-498D-B935-2E9E6DEA0C29}.Debug|x64.Build.0 = Debug|Any CPU
		{2051FCAC-D4C7-498D-B935-2E9E6DEA0C29}.Release|Any CPU.ActiveCfg = Release|Any CPU
		{2051FCAC-D4C7-498D-B935-2E9E6DEA0C29}.Release|Any CPU.Build.0 = Release|Any CPU
		{2051FCAC-D4C7-498D-B935-2E9E6DEA0C29}.Release|x64.ActiveCfg = Release|Any CPU
		{2051FCAC-D4C7-498D-B935-2E9E6DEA0C29}.Release|x64.Build.0 = Release|Any CPU
		{D97693D7-6A83-4143-83D8-621AC545D961}.Debug|Any CPU.ActiveCfg = Debug|Any CPU
		{D97693D7-6A83-4143-83D8-621AC545D961}.Debug|Any CPU.Build.0 = Debug|Any CPU
		{D97693D7-6A83-4143-83D8-621AC545D961}.Debug|x64.ActiveCfg = Debug|Any CPU
		{D97693D7-6A83-4143-83D8-621AC545D961}.Debug|x64.Build.0 = Debug|Any CPU
		{D97693D7-6A83-4143-83D8-621AC545D961}.Release|Any CPU.ActiveCfg = Release|Any CPU
		{D97693D7-6A83-4143-83D8-621AC545D961}.Release|Any CPU.Build.0 = Release|Any CPU
		{D97693D7-6A83-4143-83D8-621AC545D961}.Release|x64.ActiveCfg = Release|Any CPU
		{D97693D7-6A83-4143-83D8-621AC545D961}.Release|x64.Build.0 = Release|Any CPU
		{59F274B7-0FC5-4AD6-A8AE-27BF6F15CC12}.Debug|Any CPU.ActiveCfg = Debug|Any CPU
		{59F274B7-0FC5-4AD6-A8AE-27BF6F15CC12}.Debug|Any CPU.Build.0 = Debug|Any CPU
		{59F274B7-0FC5-4AD6-A8AE-27BF6F15CC12}.Debug|x64.ActiveCfg = Debug|Any CPU
		{59F274B7-0FC5-4AD6-A8AE-27BF6F15CC12}.Debug|x64.Build.0 = Debug|Any CPU
		{59F274B7-0FC5-4AD6-A8AE-27BF6F15CC12}.Release|Any CPU.ActiveCfg = Release|Any CPU
		{59F274B7-0FC5-4AD6-A8AE-27BF6F15CC12}.Release|Any CPU.Build.0 = Release|Any CPU
		{59F274B7-0FC5-4AD6-A8AE-27BF6F15CC12}.Release|x64.ActiveCfg = Release|Any CPU
		{59F274B7-0FC5-4AD6-A8AE-27BF6F15CC12}.Release|x64.Build.0 = Release|Any CPU
		{6181B889-81B0-4A1E-A29F-E20DCD8BFC1F}.Debug|Any CPU.ActiveCfg = Debug|Any CPU
		{6181B889-81B0-4A1E-A29F-E20DCD8BFC1F}.Debug|Any CPU.Build.0 = Debug|Any CPU
		{6181B889-81B0-4A1E-A29F-E20DCD8BFC1F}.Debug|x64.ActiveCfg = Debug|Any CPU
		{6181B889-81B0-4A1E-A29F-E20DCD8BFC1F}.Debug|x64.Build.0 = Debug|Any CPU
		{6181B889-81B0-4A1E-A29F-E20DCD8BFC1F}.Release|Any CPU.ActiveCfg = Release|Any CPU
		{6181B889-81B0-4A1E-A29F-E20DCD8BFC1F}.Release|Any CPU.Build.0 = Release|Any CPU
		{6181B889-81B0-4A1E-A29F-E20DCD8BFC1F}.Release|x64.ActiveCfg = Release|Any CPU
		{6181B889-81B0-4A1E-A29F-E20DCD8BFC1F}.Release|x64.Build.0 = Release|Any CPU
		{CB7A2800-8E98-4CD5-A88A-832E03AF7ABF}.Debug|Any CPU.ActiveCfg = Debug|Any CPU
		{CB7A2800-8E98-4CD5-A88A-832E03AF7ABF}.Debug|Any CPU.Build.0 = Debug|Any CPU
		{CB7A2800-8E98-4CD5-A88A-832E03AF7ABF}.Debug|x64.ActiveCfg = Debug|Any CPU
		{CB7A2800-8E98-4CD5-A88A-832E03AF7ABF}.Debug|x64.Build.0 = Debug|Any CPU
		{CB7A2800-8E98-4CD5-A88A-832E03AF7ABF}.Release|Any CPU.ActiveCfg = Release|Any CPU
		{CB7A2800-8E98-4CD5-A88A-832E03AF7ABF}.Release|Any CPU.Build.0 = Release|Any CPU
		{CB7A2800-8E98-4CD5-A88A-832E03AF7ABF}.Release|x64.ActiveCfg = Release|Any CPU
		{CB7A2800-8E98-4CD5-A88A-832E03AF7ABF}.Release|x64.Build.0 = Release|Any CPU
		{978482B2-AE17-421E-AD6F-ED9667C6B8A1}.Debug|Any CPU.ActiveCfg = Debug|Any CPU
		{978482B2-AE17-421E-AD6F-ED9667C6B8A1}.Debug|Any CPU.Build.0 = Debug|Any CPU
		{978482B2-AE17-421E-AD6F-ED9667C6B8A1}.Debug|x64.ActiveCfg = Debug|Any CPU
		{978482B2-AE17-421E-AD6F-ED9667C6B8A1}.Debug|x64.Build.0 = Debug|Any CPU
		{978482B2-AE17-421E-AD6F-ED9667C6B8A1}.Release|Any CPU.ActiveCfg = Release|Any CPU
		{978482B2-AE17-421E-AD6F-ED9667C6B8A1}.Release|Any CPU.Build.0 = Release|Any CPU
		{978482B2-AE17-421E-AD6F-ED9667C6B8A1}.Release|x64.ActiveCfg = Release|Any CPU
		{978482B2-AE17-421E-AD6F-ED9667C6B8A1}.Release|x64.Build.0 = Release|Any CPU
		{A52CC0A6-D860-418C-8B08-8A1388D96D71}.Debug|Any CPU.ActiveCfg = Debug|Any CPU
		{A52CC0A6-D860-418C-8B08-8A1388D96D71}.Debug|Any CPU.Build.0 = Debug|Any CPU
		{A52CC0A6-D860-418C-8B08-8A1388D96D71}.Debug|x64.ActiveCfg = Debug|Any CPU
		{A52CC0A6-D860-418C-8B08-8A1388D96D71}.Debug|x64.Build.0 = Debug|Any CPU
		{A52CC0A6-D860-418C-8B08-8A1388D96D71}.Release|Any CPU.ActiveCfg = Release|Any CPU
		{A52CC0A6-D860-418C-8B08-8A1388D96D71}.Release|Any CPU.Build.0 = Release|Any CPU
		{A52CC0A6-D860-418C-8B08-8A1388D96D71}.Release|x64.ActiveCfg = Release|Any CPU
		{A52CC0A6-D860-418C-8B08-8A1388D96D71}.Release|x64.Build.0 = Release|Any CPU
		{2B3B9594-5074-48CE-BFC5-DA02B56C16CA}.Debug|Any CPU.ActiveCfg = Debug|Any CPU
		{2B3B9594-5074-48CE-BFC5-DA02B56C16CA}.Debug|Any CPU.Build.0 = Debug|Any CPU
		{2B3B9594-5074-48CE-BFC5-DA02B56C16CA}.Debug|x64.ActiveCfg = Debug|Any CPU
		{2B3B9594-5074-48CE-BFC5-DA02B56C16CA}.Debug|x64.Build.0 = Debug|Any CPU
		{2B3B9594-5074-48CE-BFC5-DA02B56C16CA}.Release|Any CPU.ActiveCfg = Release|Any CPU
		{2B3B9594-5074-48CE-BFC5-DA02B56C16CA}.Release|Any CPU.Build.0 = Release|Any CPU
		{2B3B9594-5074-48CE-BFC5-DA02B56C16CA}.Release|x64.ActiveCfg = Release|Any CPU
		{2B3B9594-5074-48CE-BFC5-DA02B56C16CA}.Release|x64.Build.0 = Release|Any CPU
		{B20B4F10-E43C-4BCC-B30C-856234BEA09F}.Debug|Any CPU.ActiveCfg = Debug|Any CPU
		{B20B4F10-E43C-4BCC-B30C-856234BEA09F}.Debug|Any CPU.Build.0 = Debug|Any CPU
		{B20B4F10-E43C-4BCC-B30C-856234BEA09F}.Debug|x64.ActiveCfg = Debug|Any CPU
		{B20B4F10-E43C-4BCC-B30C-856234BEA09F}.Debug|x64.Build.0 = Debug|Any CPU
		{B20B4F10-E43C-4BCC-B30C-856234BEA09F}.Release|Any CPU.ActiveCfg = Release|Any CPU
		{B20B4F10-E43C-4BCC-B30C-856234BEA09F}.Release|Any CPU.Build.0 = Release|Any CPU
		{B20B4F10-E43C-4BCC-B30C-856234BEA09F}.Release|x64.ActiveCfg = Release|Any CPU
		{B20B4F10-E43C-4BCC-B30C-856234BEA09F}.Release|x64.Build.0 = Release|Any CPU
		{8434A954-52E4-4C8E-81F6-502CA828507B}.Debug|Any CPU.ActiveCfg = Debug|Any CPU
		{8434A954-52E4-4C8E-81F6-502CA828507B}.Debug|Any CPU.Build.0 = Debug|Any CPU
		{8434A954-52E4-4C8E-81F6-502CA828507B}.Debug|x64.ActiveCfg = Debug|Any CPU
		{8434A954-52E4-4C8E-81F6-502CA828507B}.Debug|x64.Build.0 = Debug|Any CPU
		{8434A954-52E4-4C8E-81F6-502CA828507B}.Release|Any CPU.ActiveCfg = Release|Any CPU
		{8434A954-52E4-4C8E-81F6-502CA828507B}.Release|Any CPU.Build.0 = Release|Any CPU
		{8434A954-52E4-4C8E-81F6-502CA828507B}.Release|x64.ActiveCfg = Release|Any CPU
		{8434A954-52E4-4C8E-81F6-502CA828507B}.Release|x64.Build.0 = Release|Any CPU
		{38F19BA9-EA00-4EB5-952A-0FAF43FFAA3D}.Debug|Any CPU.ActiveCfg = Debug|Any CPU
		{38F19BA9-EA00-4EB5-952A-0FAF43FFAA3D}.Debug|Any CPU.Build.0 = Debug|Any CPU
		{38F19BA9-EA00-4EB5-952A-0FAF43FFAA3D}.Debug|x64.ActiveCfg = Debug|Any CPU
		{38F19BA9-EA00-4EB5-952A-0FAF43FFAA3D}.Debug|x64.Build.0 = Debug|Any CPU
		{38F19BA9-EA00-4EB5-952A-0FAF43FFAA3D}.Release|Any CPU.ActiveCfg = Release|Any CPU
		{38F19BA9-EA00-4EB5-952A-0FAF43FFAA3D}.Release|Any CPU.Build.0 = Release|Any CPU
		{38F19BA9-EA00-4EB5-952A-0FAF43FFAA3D}.Release|x64.ActiveCfg = Release|Any CPU
		{38F19BA9-EA00-4EB5-952A-0FAF43FFAA3D}.Release|x64.Build.0 = Release|Any CPU
		{979B426B-1083-48EC-902D-462DEE8127F8}.Debug|Any CPU.ActiveCfg = Debug|Any CPU
		{979B426B-1083-48EC-902D-462DEE8127F8}.Debug|Any CPU.Build.0 = Debug|Any CPU
		{979B426B-1083-48EC-902D-462DEE8127F8}.Debug|x64.ActiveCfg = Debug|Any CPU
		{979B426B-1083-48EC-902D-462DEE8127F8}.Debug|x64.Build.0 = Debug|Any CPU
		{979B426B-1083-48EC-902D-462DEE8127F8}.Release|Any CPU.ActiveCfg = Release|Any CPU
		{979B426B-1083-48EC-902D-462DEE8127F8}.Release|Any CPU.Build.0 = Release|Any CPU
		{979B426B-1083-48EC-902D-462DEE8127F8}.Release|x64.ActiveCfg = Release|Any CPU
		{979B426B-1083-48EC-902D-462DEE8127F8}.Release|x64.Build.0 = Release|Any CPU
		{143DEC12-3B3E-421A-A724-D00BE552D546}.Debug|Any CPU.ActiveCfg = Debug|Any CPU
		{143DEC12-3B3E-421A-A724-D00BE552D546}.Debug|Any CPU.Build.0 = Debug|Any CPU
		{143DEC12-3B3E-421A-A724-D00BE552D546}.Debug|x64.ActiveCfg = Debug|Any CPU
		{143DEC12-3B3E-421A-A724-D00BE552D546}.Debug|x64.Build.0 = Debug|Any CPU
		{143DEC12-3B3E-421A-A724-D00BE552D546}.Release|Any CPU.ActiveCfg = Release|Any CPU
		{143DEC12-3B3E-421A-A724-D00BE552D546}.Release|Any CPU.Build.0 = Release|Any CPU
		{143DEC12-3B3E-421A-A724-D00BE552D546}.Release|x64.ActiveCfg = Release|Any CPU
		{143DEC12-3B3E-421A-A724-D00BE552D546}.Release|x64.Build.0 = Release|Any CPU
		{246B2AEE-EC8B-4BCA-A6AC-959F5651AE4F}.Debug|Any CPU.ActiveCfg = Debug|Any CPU
		{246B2AEE-EC8B-4BCA-A6AC-959F5651AE4F}.Debug|Any CPU.Build.0 = Debug|Any CPU
		{246B2AEE-EC8B-4BCA-A6AC-959F5651AE4F}.Debug|x64.ActiveCfg = Debug|Any CPU
		{246B2AEE-EC8B-4BCA-A6AC-959F5651AE4F}.Debug|x64.Build.0 = Debug|Any CPU
		{246B2AEE-EC8B-4BCA-A6AC-959F5651AE4F}.Release|Any CPU.ActiveCfg = Release|Any CPU
		{246B2AEE-EC8B-4BCA-A6AC-959F5651AE4F}.Release|Any CPU.Build.0 = Release|Any CPU
		{246B2AEE-EC8B-4BCA-A6AC-959F5651AE4F}.Release|x64.ActiveCfg = Release|Any CPU
		{246B2AEE-EC8B-4BCA-A6AC-959F5651AE4F}.Release|x64.Build.0 = Release|Any CPU
		{C1D739B1-79CB-4D42-8147-3A31D1B84868}.Debug|Any CPU.ActiveCfg = Debug|Any CPU
		{C1D739B1-79CB-4D42-8147-3A31D1B84868}.Debug|Any CPU.Build.0 = Debug|Any CPU
		{C1D739B1-79CB-4D42-8147-3A31D1B84868}.Debug|x64.ActiveCfg = Debug|Any CPU
		{C1D739B1-79CB-4D42-8147-3A31D1B84868}.Debug|x64.Build.0 = Debug|Any CPU
		{C1D739B1-79CB-4D42-8147-3A31D1B84868}.Release|Any CPU.ActiveCfg = Release|Any CPU
		{C1D739B1-79CB-4D42-8147-3A31D1B84868}.Release|Any CPU.Build.0 = Release|Any CPU
		{C1D739B1-79CB-4D42-8147-3A31D1B84868}.Release|x64.ActiveCfg = Release|Any CPU
		{C1D739B1-79CB-4D42-8147-3A31D1B84868}.Release|x64.Build.0 = Release|Any CPU
		{247C062D-8A16-4DD8-93B4-1D1C3D49B498}.Debug|Any CPU.ActiveCfg = Debug|Any CPU
		{247C062D-8A16-4DD8-93B4-1D1C3D49B498}.Debug|Any CPU.Build.0 = Debug|Any CPU
		{247C062D-8A16-4DD8-93B4-1D1C3D49B498}.Debug|x64.ActiveCfg = Debug|Any CPU
		{247C062D-8A16-4DD8-93B4-1D1C3D49B498}.Debug|x64.Build.0 = Debug|Any CPU
		{247C062D-8A16-4DD8-93B4-1D1C3D49B498}.Release|Any CPU.ActiveCfg = Release|Any CPU
		{247C062D-8A16-4DD8-93B4-1D1C3D49B498}.Release|Any CPU.Build.0 = Release|Any CPU
		{247C062D-8A16-4DD8-93B4-1D1C3D49B498}.Release|x64.ActiveCfg = Release|Any CPU
		{247C062D-8A16-4DD8-93B4-1D1C3D49B498}.Release|x64.Build.0 = Release|Any CPU
		{BBE830D7-3AD3-41D9-8257-8CAA06F38E40}.Debug|Any CPU.ActiveCfg = Debug|Any CPU
		{BBE830D7-3AD3-41D9-8257-8CAA06F38E40}.Debug|Any CPU.Build.0 = Debug|Any CPU
		{BBE830D7-3AD3-41D9-8257-8CAA06F38E40}.Debug|x64.ActiveCfg = Debug|Any CPU
		{BBE830D7-3AD3-41D9-8257-8CAA06F38E40}.Debug|x64.Build.0 = Debug|Any CPU
		{BBE830D7-3AD3-41D9-8257-8CAA06F38E40}.Release|Any CPU.ActiveCfg = Release|Any CPU
		{BBE830D7-3AD3-41D9-8257-8CAA06F38E40}.Release|Any CPU.Build.0 = Release|Any CPU
		{BBE830D7-3AD3-41D9-8257-8CAA06F38E40}.Release|x64.ActiveCfg = Release|Any CPU
		{BBE830D7-3AD3-41D9-8257-8CAA06F38E40}.Release|x64.Build.0 = Release|Any CPU
		{7DFE2D04-EA64-45C9-B5F6-89B435E7C8B6}.Debug|Any CPU.ActiveCfg = Debug|Any CPU
		{7DFE2D04-EA64-45C9-B5F6-89B435E7C8B6}.Debug|Any CPU.Build.0 = Debug|Any CPU
		{7DFE2D04-EA64-45C9-B5F6-89B435E7C8B6}.Debug|x64.ActiveCfg = Debug|Any CPU
		{7DFE2D04-EA64-45C9-B5F6-89B435E7C8B6}.Debug|x64.Build.0 = Debug|Any CPU
		{7DFE2D04-EA64-45C9-B5F6-89B435E7C8B6}.Release|Any CPU.ActiveCfg = Release|Any CPU
		{7DFE2D04-EA64-45C9-B5F6-89B435E7C8B6}.Release|Any CPU.Build.0 = Release|Any CPU
		{7DFE2D04-EA64-45C9-B5F6-89B435E7C8B6}.Release|x64.ActiveCfg = Release|Any CPU
		{7DFE2D04-EA64-45C9-B5F6-89B435E7C8B6}.Release|x64.Build.0 = Release|Any CPU
		{A8EDFB26-17B5-48C0-BF38-E521EF5476E4}.Debug|Any CPU.ActiveCfg = Debug|Any CPU
		{A8EDFB26-17B5-48C0-BF38-E521EF5476E4}.Debug|Any CPU.Build.0 = Debug|Any CPU
		{A8EDFB26-17B5-48C0-BF38-E521EF5476E4}.Debug|x64.ActiveCfg = Debug|Any CPU
		{A8EDFB26-17B5-48C0-BF38-E521EF5476E4}.Debug|x64.Build.0 = Debug|Any CPU
		{A8EDFB26-17B5-48C0-BF38-E521EF5476E4}.Release|Any CPU.ActiveCfg = Release|Any CPU
		{A8EDFB26-17B5-48C0-BF38-E521EF5476E4}.Release|Any CPU.Build.0 = Release|Any CPU
		{A8EDFB26-17B5-48C0-BF38-E521EF5476E4}.Release|x64.ActiveCfg = Release|Any CPU
		{A8EDFB26-17B5-48C0-BF38-E521EF5476E4}.Release|x64.Build.0 = Release|Any CPU
		{D45CAF59-5133-4995-AED2-EC6C3D41E3E3}.Debug|Any CPU.ActiveCfg = Debug|Any CPU
		{D45CAF59-5133-4995-AED2-EC6C3D41E3E3}.Debug|Any CPU.Build.0 = Debug|Any CPU
		{D45CAF59-5133-4995-AED2-EC6C3D41E3E3}.Debug|x64.ActiveCfg = Debug|Any CPU
		{D45CAF59-5133-4995-AED2-EC6C3D41E3E3}.Debug|x64.Build.0 = Debug|Any CPU
		{D45CAF59-5133-4995-AED2-EC6C3D41E3E3}.Release|Any CPU.ActiveCfg = Release|Any CPU
		{D45CAF59-5133-4995-AED2-EC6C3D41E3E3}.Release|Any CPU.Build.0 = Release|Any CPU
		{D45CAF59-5133-4995-AED2-EC6C3D41E3E3}.Release|x64.ActiveCfg = Release|Any CPU
		{D45CAF59-5133-4995-AED2-EC6C3D41E3E3}.Release|x64.Build.0 = Release|Any CPU
		{072C5F7C-4B75-46C9-A54D-774DA77ED1D1}.Debug|Any CPU.ActiveCfg = Debug|Any CPU
		{072C5F7C-4B75-46C9-A54D-774DA77ED1D1}.Debug|Any CPU.Build.0 = Debug|Any CPU
		{072C5F7C-4B75-46C9-A54D-774DA77ED1D1}.Debug|x64.ActiveCfg = Debug|Any CPU
		{072C5F7C-4B75-46C9-A54D-774DA77ED1D1}.Debug|x64.Build.0 = Debug|Any CPU
		{072C5F7C-4B75-46C9-A54D-774DA77ED1D1}.Release|Any CPU.ActiveCfg = Release|Any CPU
		{072C5F7C-4B75-46C9-A54D-774DA77ED1D1}.Release|Any CPU.Build.0 = Release|Any CPU
		{072C5F7C-4B75-46C9-A54D-774DA77ED1D1}.Release|x64.ActiveCfg = Release|Any CPU
		{072C5F7C-4B75-46C9-A54D-774DA77ED1D1}.Release|x64.Build.0 = Release|Any CPU
		{0FE19EFE-98D7-4243-A8CC-30BCFFFC4499}.Debug|Any CPU.ActiveCfg = Debug|Any CPU
		{0FE19EFE-98D7-4243-A8CC-30BCFFFC4499}.Debug|Any CPU.Build.0 = Debug|Any CPU
		{0FE19EFE-98D7-4243-A8CC-30BCFFFC4499}.Debug|x64.ActiveCfg = Debug|Any CPU
		{0FE19EFE-98D7-4243-A8CC-30BCFFFC4499}.Debug|x64.Build.0 = Debug|Any CPU
		{0FE19EFE-98D7-4243-A8CC-30BCFFFC4499}.Release|Any CPU.ActiveCfg = Release|Any CPU
		{0FE19EFE-98D7-4243-A8CC-30BCFFFC4499}.Release|Any CPU.Build.0 = Release|Any CPU
		{0FE19EFE-98D7-4243-A8CC-30BCFFFC4499}.Release|x64.ActiveCfg = Release|Any CPU
		{0FE19EFE-98D7-4243-A8CC-30BCFFFC4499}.Release|x64.Build.0 = Release|Any CPU
		{73CDDF96-B025-46F1-AFF1-121B3830AD81}.Debug|Any CPU.ActiveCfg = Debug|Any CPU
		{73CDDF96-B025-46F1-AFF1-121B3830AD81}.Debug|Any CPU.Build.0 = Debug|Any CPU
		{73CDDF96-B025-46F1-AFF1-121B3830AD81}.Debug|x64.ActiveCfg = Debug|Any CPU
		{73CDDF96-B025-46F1-AFF1-121B3830AD81}.Debug|x64.Build.0 = Debug|Any CPU
		{73CDDF96-B025-46F1-AFF1-121B3830AD81}.Release|Any CPU.ActiveCfg = Release|Any CPU
		{73CDDF96-B025-46F1-AFF1-121B3830AD81}.Release|Any CPU.Build.0 = Release|Any CPU
		{73CDDF96-B025-46F1-AFF1-121B3830AD81}.Release|x64.ActiveCfg = Release|Any CPU
		{73CDDF96-B025-46F1-AFF1-121B3830AD81}.Release|x64.Build.0 = Release|Any CPU
		{EABB9170-7F7C-404B-A248-DFB5A13879BA}.Debug|Any CPU.ActiveCfg = Debug|Any CPU
		{EABB9170-7F7C-404B-A248-DFB5A13879BA}.Debug|Any CPU.Build.0 = Debug|Any CPU
		{EABB9170-7F7C-404B-A248-DFB5A13879BA}.Debug|x64.ActiveCfg = Debug|Any CPU
		{EABB9170-7F7C-404B-A248-DFB5A13879BA}.Debug|x64.Build.0 = Debug|Any CPU
		{EABB9170-7F7C-404B-A248-DFB5A13879BA}.Release|Any CPU.ActiveCfg = Release|Any CPU
		{EABB9170-7F7C-404B-A248-DFB5A13879BA}.Release|Any CPU.Build.0 = Release|Any CPU
		{EABB9170-7F7C-404B-A248-DFB5A13879BA}.Release|x64.ActiveCfg = Release|Any CPU
		{EABB9170-7F7C-404B-A248-DFB5A13879BA}.Release|x64.Build.0 = Release|Any CPU
		{6E5AA962-D466-4E9E-B682-6BB9CD96B6F8}.Debug|Any CPU.ActiveCfg = Debug|Any CPU
		{6E5AA962-D466-4E9E-B682-6BB9CD96B6F8}.Debug|Any CPU.Build.0 = Debug|Any CPU
		{6E5AA962-D466-4E9E-B682-6BB9CD96B6F8}.Debug|x64.ActiveCfg = Debug|Any CPU
		{6E5AA962-D466-4E9E-B682-6BB9CD96B6F8}.Debug|x64.Build.0 = Debug|Any CPU
		{6E5AA962-D466-4E9E-B682-6BB9CD96B6F8}.Release|Any CPU.ActiveCfg = Release|Any CPU
		{6E5AA962-D466-4E9E-B682-6BB9CD96B6F8}.Release|Any CPU.Build.0 = Release|Any CPU
		{6E5AA962-D466-4E9E-B682-6BB9CD96B6F8}.Release|x64.ActiveCfg = Release|Any CPU
		{6E5AA962-D466-4E9E-B682-6BB9CD96B6F8}.Release|x64.Build.0 = Release|Any CPU
		{8FEFF18B-3546-4237-8FD1-9F184BC7B4C7}.Debug|Any CPU.ActiveCfg = Debug|Any CPU
		{8FEFF18B-3546-4237-8FD1-9F184BC7B4C7}.Debug|Any CPU.Build.0 = Debug|Any CPU
		{8FEFF18B-3546-4237-8FD1-9F184BC7B4C7}.Debug|x64.ActiveCfg = Debug|Any CPU
		{8FEFF18B-3546-4237-8FD1-9F184BC7B4C7}.Debug|x64.Build.0 = Debug|Any CPU
		{8FEFF18B-3546-4237-8FD1-9F184BC7B4C7}.Release|Any CPU.ActiveCfg = Release|Any CPU
		{8FEFF18B-3546-4237-8FD1-9F184BC7B4C7}.Release|Any CPU.Build.0 = Release|Any CPU
		{8FEFF18B-3546-4237-8FD1-9F184BC7B4C7}.Release|x64.ActiveCfg = Release|Any CPU
		{8FEFF18B-3546-4237-8FD1-9F184BC7B4C7}.Release|x64.Build.0 = Release|Any CPU
		{E98CB412-9684-4061-8E76-B6CD12A3C32A}.Debug|Any CPU.ActiveCfg = Debug|Any CPU
		{E98CB412-9684-4061-8E76-B6CD12A3C32A}.Debug|Any CPU.Build.0 = Debug|Any CPU
		{E98CB412-9684-4061-8E76-B6CD12A3C32A}.Debug|x64.ActiveCfg = Debug|Any CPU
		{E98CB412-9684-4061-8E76-B6CD12A3C32A}.Debug|x64.Build.0 = Debug|Any CPU
		{E98CB412-9684-4061-8E76-B6CD12A3C32A}.Release|Any CPU.ActiveCfg = Release|Any CPU
		{E98CB412-9684-4061-8E76-B6CD12A3C32A}.Release|Any CPU.Build.0 = Release|Any CPU
		{E98CB412-9684-4061-8E76-B6CD12A3C32A}.Release|x64.ActiveCfg = Release|Any CPU
		{E98CB412-9684-4061-8E76-B6CD12A3C32A}.Release|x64.Build.0 = Release|Any CPU
		{A1CF9560-A6A0-4270-9569-0D117AFA799C}.Debug|Any CPU.ActiveCfg = Debug|Any CPU
		{A1CF9560-A6A0-4270-9569-0D117AFA799C}.Debug|Any CPU.Build.0 = Debug|Any CPU
		{A1CF9560-A6A0-4270-9569-0D117AFA799C}.Debug|x64.ActiveCfg = Debug|Any CPU
		{A1CF9560-A6A0-4270-9569-0D117AFA799C}.Debug|x64.Build.0 = Debug|Any CPU
		{A1CF9560-A6A0-4270-9569-0D117AFA799C}.Release|Any CPU.ActiveCfg = Release|Any CPU
		{A1CF9560-A6A0-4270-9569-0D117AFA799C}.Release|Any CPU.Build.0 = Release|Any CPU
		{A1CF9560-A6A0-4270-9569-0D117AFA799C}.Release|x64.ActiveCfg = Release|Any CPU
		{A1CF9560-A6A0-4270-9569-0D117AFA799C}.Release|x64.Build.0 = Release|Any CPU
		{398E3C08-1628-4985-B3F3-36396A276E6F}.Debug|Any CPU.ActiveCfg = Debug|Any CPU
		{398E3C08-1628-4985-B3F3-36396A276E6F}.Debug|Any CPU.Build.0 = Debug|Any CPU
		{398E3C08-1628-4985-B3F3-36396A276E6F}.Debug|x64.ActiveCfg = Debug|Any CPU
		{398E3C08-1628-4985-B3F3-36396A276E6F}.Debug|x64.Build.0 = Debug|Any CPU
		{398E3C08-1628-4985-B3F3-36396A276E6F}.Release|Any CPU.ActiveCfg = Release|Any CPU
		{398E3C08-1628-4985-B3F3-36396A276E6F}.Release|Any CPU.Build.0 = Release|Any CPU
		{398E3C08-1628-4985-B3F3-36396A276E6F}.Release|x64.ActiveCfg = Release|Any CPU
		{398E3C08-1628-4985-B3F3-36396A276E6F}.Release|x64.Build.0 = Release|Any CPU
		{C2781309-00DE-4AC4-ABBB-12FF26B8BFB7}.Debug|Any CPU.ActiveCfg = Debug|Any CPU
		{C2781309-00DE-4AC4-ABBB-12FF26B8BFB7}.Debug|Any CPU.Build.0 = Debug|Any CPU
		{C2781309-00DE-4AC4-ABBB-12FF26B8BFB7}.Debug|x64.ActiveCfg = Debug|Any CPU
		{C2781309-00DE-4AC4-ABBB-12FF26B8BFB7}.Debug|x64.Build.0 = Debug|Any CPU
		{C2781309-00DE-4AC4-ABBB-12FF26B8BFB7}.Release|Any CPU.ActiveCfg = Release|Any CPU
		{C2781309-00DE-4AC4-ABBB-12FF26B8BFB7}.Release|Any CPU.Build.0 = Release|Any CPU
		{C2781309-00DE-4AC4-ABBB-12FF26B8BFB7}.Release|x64.ActiveCfg = Release|Any CPU
		{C2781309-00DE-4AC4-ABBB-12FF26B8BFB7}.Release|x64.Build.0 = Release|Any CPU
		{DE629FE5-BC8A-4597-B19C-DDAB5EC1528D}.Debug|Any CPU.ActiveCfg = Debug|Any CPU
		{DE629FE5-BC8A-4597-B19C-DDAB5EC1528D}.Debug|Any CPU.Build.0 = Debug|Any CPU
		{DE629FE5-BC8A-4597-B19C-DDAB5EC1528D}.Debug|x64.ActiveCfg = Debug|Any CPU
		{DE629FE5-BC8A-4597-B19C-DDAB5EC1528D}.Debug|x64.Build.0 = Debug|Any CPU
		{DE629FE5-BC8A-4597-B19C-DDAB5EC1528D}.Release|Any CPU.ActiveCfg = Release|Any CPU
		{DE629FE5-BC8A-4597-B19C-DDAB5EC1528D}.Release|Any CPU.Build.0 = Release|Any CPU
		{DE629FE5-BC8A-4597-B19C-DDAB5EC1528D}.Release|x64.ActiveCfg = Release|Any CPU
		{DE629FE5-BC8A-4597-B19C-DDAB5EC1528D}.Release|x64.Build.0 = Release|Any CPU
		{D1A3A36B-4F50-4C10-9DAE-DACFAF617A6D}.Debug|Any CPU.ActiveCfg = Debug|Any CPU
		{D1A3A36B-4F50-4C10-9DAE-DACFAF617A6D}.Debug|Any CPU.Build.0 = Debug|Any CPU
		{D1A3A36B-4F50-4C10-9DAE-DACFAF617A6D}.Debug|x64.ActiveCfg = Debug|Any CPU
		{D1A3A36B-4F50-4C10-9DAE-DACFAF617A6D}.Debug|x64.Build.0 = Debug|Any CPU
		{D1A3A36B-4F50-4C10-9DAE-DACFAF617A6D}.Release|Any CPU.ActiveCfg = Release|Any CPU
		{D1A3A36B-4F50-4C10-9DAE-DACFAF617A6D}.Release|Any CPU.Build.0 = Release|Any CPU
		{D1A3A36B-4F50-4C10-9DAE-DACFAF617A6D}.Release|x64.ActiveCfg = Release|Any CPU
		{D1A3A36B-4F50-4C10-9DAE-DACFAF617A6D}.Release|x64.Build.0 = Release|Any CPU
		{3E6D4D9E-CAF5-4A23-9C96-07B1B1FE76B7}.Debug|Any CPU.ActiveCfg = Debug|Any CPU
		{3E6D4D9E-CAF5-4A23-9C96-07B1B1FE76B7}.Debug|Any CPU.Build.0 = Debug|Any CPU
		{3E6D4D9E-CAF5-4A23-9C96-07B1B1FE76B7}.Debug|x64.ActiveCfg = Debug|Any CPU
		{3E6D4D9E-CAF5-4A23-9C96-07B1B1FE76B7}.Debug|x64.Build.0 = Debug|Any CPU
		{3E6D4D9E-CAF5-4A23-9C96-07B1B1FE76B7}.Release|Any CPU.ActiveCfg = Release|Any CPU
		{3E6D4D9E-CAF5-4A23-9C96-07B1B1FE76B7}.Release|Any CPU.Build.0 = Release|Any CPU
		{3E6D4D9E-CAF5-4A23-9C96-07B1B1FE76B7}.Release|x64.ActiveCfg = Release|Any CPU
		{3E6D4D9E-CAF5-4A23-9C96-07B1B1FE76B7}.Release|x64.Build.0 = Release|Any CPU
		{D71A7BBE-E64A-4F2E-B2A9-6D742FE94ED9}.Debug|Any CPU.ActiveCfg = Debug|Any CPU
		{D71A7BBE-E64A-4F2E-B2A9-6D742FE94ED9}.Debug|Any CPU.Build.0 = Debug|Any CPU
		{D71A7BBE-E64A-4F2E-B2A9-6D742FE94ED9}.Debug|x64.ActiveCfg = Debug|Any CPU
		{D71A7BBE-E64A-4F2E-B2A9-6D742FE94ED9}.Debug|x64.Build.0 = Debug|Any CPU
		{D71A7BBE-E64A-4F2E-B2A9-6D742FE94ED9}.Release|Any CPU.ActiveCfg = Release|Any CPU
		{D71A7BBE-E64A-4F2E-B2A9-6D742FE94ED9}.Release|Any CPU.Build.0 = Release|Any CPU
		{D71A7BBE-E64A-4F2E-B2A9-6D742FE94ED9}.Release|x64.ActiveCfg = Release|Any CPU
		{D71A7BBE-E64A-4F2E-B2A9-6D742FE94ED9}.Release|x64.Build.0 = Release|Any CPU
		{B8BC6552-6409-4BE1-B085-E8E6513EC251}.Debug|Any CPU.ActiveCfg = Debug|Any CPU
		{B8BC6552-6409-4BE1-B085-E8E6513EC251}.Debug|Any CPU.Build.0 = Debug|Any CPU
		{B8BC6552-6409-4BE1-B085-E8E6513EC251}.Debug|x64.ActiveCfg = Debug|Any CPU
		{B8BC6552-6409-4BE1-B085-E8E6513EC251}.Debug|x64.Build.0 = Debug|Any CPU
		{B8BC6552-6409-4BE1-B085-E8E6513EC251}.Release|Any CPU.ActiveCfg = Release|Any CPU
		{B8BC6552-6409-4BE1-B085-E8E6513EC251}.Release|Any CPU.Build.0 = Release|Any CPU
		{B8BC6552-6409-4BE1-B085-E8E6513EC251}.Release|x64.ActiveCfg = Release|Any CPU
		{B8BC6552-6409-4BE1-B085-E8E6513EC251}.Release|x64.Build.0 = Release|Any CPU
		{62CE1282-A077-4454-A718-7A5BA5756BE9}.Debug|Any CPU.ActiveCfg = Debug|Any CPU
		{62CE1282-A077-4454-A718-7A5BA5756BE9}.Debug|Any CPU.Build.0 = Debug|Any CPU
		{62CE1282-A077-4454-A718-7A5BA5756BE9}.Debug|x64.ActiveCfg = Debug|Any CPU
		{62CE1282-A077-4454-A718-7A5BA5756BE9}.Debug|x64.Build.0 = Debug|Any CPU
		{62CE1282-A077-4454-A718-7A5BA5756BE9}.Release|Any CPU.ActiveCfg = Release|Any CPU
		{62CE1282-A077-4454-A718-7A5BA5756BE9}.Release|Any CPU.Build.0 = Release|Any CPU
		{62CE1282-A077-4454-A718-7A5BA5756BE9}.Release|x64.ActiveCfg = Release|Any CPU
		{62CE1282-A077-4454-A718-7A5BA5756BE9}.Release|x64.Build.0 = Release|Any CPU
		{C83A089D-7B30-46BB-BBE3-AFBBAFB9A40D}.Debug|Any CPU.ActiveCfg = Debug|Any CPU
		{C83A089D-7B30-46BB-BBE3-AFBBAFB9A40D}.Debug|Any CPU.Build.0 = Debug|Any CPU
		{C83A089D-7B30-46BB-BBE3-AFBBAFB9A40D}.Debug|x64.ActiveCfg = Debug|Any CPU
		{C83A089D-7B30-46BB-BBE3-AFBBAFB9A40D}.Debug|x64.Build.0 = Debug|Any CPU
		{C83A089D-7B30-46BB-BBE3-AFBBAFB9A40D}.Release|Any CPU.ActiveCfg = Release|Any CPU
		{C83A089D-7B30-46BB-BBE3-AFBBAFB9A40D}.Release|Any CPU.Build.0 = Release|Any CPU
		{C83A089D-7B30-46BB-BBE3-AFBBAFB9A40D}.Release|x64.ActiveCfg = Release|Any CPU
		{C83A089D-7B30-46BB-BBE3-AFBBAFB9A40D}.Release|x64.Build.0 = Release|Any CPU
		{4548A1D1-C4E2-460C-A06A-FF8A994919D8}.Debug|Any CPU.ActiveCfg = Debug|Any CPU
		{4548A1D1-C4E2-460C-A06A-FF8A994919D8}.Debug|Any CPU.Build.0 = Debug|Any CPU
		{4548A1D1-C4E2-460C-A06A-FF8A994919D8}.Debug|x64.ActiveCfg = Debug|Any CPU
		{4548A1D1-C4E2-460C-A06A-FF8A994919D8}.Debug|x64.Build.0 = Debug|Any CPU
		{4548A1D1-C4E2-460C-A06A-FF8A994919D8}.Release|Any CPU.ActiveCfg = Release|Any CPU
		{4548A1D1-C4E2-460C-A06A-FF8A994919D8}.Release|Any CPU.Build.0 = Release|Any CPU
		{4548A1D1-C4E2-460C-A06A-FF8A994919D8}.Release|x64.ActiveCfg = Release|Any CPU
		{4548A1D1-C4E2-460C-A06A-FF8A994919D8}.Release|x64.Build.0 = Release|Any CPU
		{6BBFFE59-0597-4ADA-A592-CED25C05C01A}.Debug|Any CPU.ActiveCfg = Debug|Any CPU
		{6BBFFE59-0597-4ADA-A592-CED25C05C01A}.Debug|Any CPU.Build.0 = Debug|Any CPU
		{6BBFFE59-0597-4ADA-A592-CED25C05C01A}.Debug|x64.ActiveCfg = Debug|Any CPU
		{6BBFFE59-0597-4ADA-A592-CED25C05C01A}.Debug|x64.Build.0 = Debug|Any CPU
		{6BBFFE59-0597-4ADA-A592-CED25C05C01A}.Release|Any CPU.ActiveCfg = Release|Any CPU
		{6BBFFE59-0597-4ADA-A592-CED25C05C01A}.Release|Any CPU.Build.0 = Release|Any CPU
		{6BBFFE59-0597-4ADA-A592-CED25C05C01A}.Release|x64.ActiveCfg = Release|Any CPU
		{6BBFFE59-0597-4ADA-A592-CED25C05C01A}.Release|x64.Build.0 = Release|Any CPU
		{53209209-7239-4FEB-BE8D-B2DF6145BBDA}.Debug|Any CPU.ActiveCfg = Debug|Any CPU
		{53209209-7239-4FEB-BE8D-B2DF6145BBDA}.Debug|Any CPU.Build.0 = Debug|Any CPU
		{53209209-7239-4FEB-BE8D-B2DF6145BBDA}.Debug|x64.ActiveCfg = Debug|Any CPU
		{53209209-7239-4FEB-BE8D-B2DF6145BBDA}.Debug|x64.Build.0 = Debug|Any CPU
		{53209209-7239-4FEB-BE8D-B2DF6145BBDA}.Release|Any CPU.ActiveCfg = Release|Any CPU
		{53209209-7239-4FEB-BE8D-B2DF6145BBDA}.Release|Any CPU.Build.0 = Release|Any CPU
		{53209209-7239-4FEB-BE8D-B2DF6145BBDA}.Release|x64.ActiveCfg = Release|Any CPU
		{53209209-7239-4FEB-BE8D-B2DF6145BBDA}.Release|x64.Build.0 = Release|Any CPU
		{2576847F-BFFC-4F0A-B883-28F2E38FEC7F}.Debug|Any CPU.ActiveCfg = Debug|Any CPU
		{2576847F-BFFC-4F0A-B883-28F2E38FEC7F}.Debug|Any CPU.Build.0 = Debug|Any CPU
		{2576847F-BFFC-4F0A-B883-28F2E38FEC7F}.Debug|x64.ActiveCfg = Debug|Any CPU
		{2576847F-BFFC-4F0A-B883-28F2E38FEC7F}.Debug|x64.Build.0 = Debug|Any CPU
		{2576847F-BFFC-4F0A-B883-28F2E38FEC7F}.Release|Any CPU.ActiveCfg = Release|Any CPU
		{2576847F-BFFC-4F0A-B883-28F2E38FEC7F}.Release|Any CPU.Build.0 = Release|Any CPU
		{2576847F-BFFC-4F0A-B883-28F2E38FEC7F}.Release|x64.ActiveCfg = Release|Any CPU
		{2576847F-BFFC-4F0A-B883-28F2E38FEC7F}.Release|x64.Build.0 = Release|Any CPU
		{AFEA4601-7938-44D2-A295-DBA022069F5B}.Debug|Any CPU.ActiveCfg = Debug|Any CPU
		{AFEA4601-7938-44D2-A295-DBA022069F5B}.Debug|Any CPU.Build.0 = Debug|Any CPU
		{AFEA4601-7938-44D2-A295-DBA022069F5B}.Debug|x64.ActiveCfg = Debug|Any CPU
		{AFEA4601-7938-44D2-A295-DBA022069F5B}.Debug|x64.Build.0 = Debug|Any CPU
		{AFEA4601-7938-44D2-A295-DBA022069F5B}.Release|Any CPU.ActiveCfg = Release|Any CPU
		{AFEA4601-7938-44D2-A295-DBA022069F5B}.Release|Any CPU.Build.0 = Release|Any CPU
		{AFEA4601-7938-44D2-A295-DBA022069F5B}.Release|x64.ActiveCfg = Release|Any CPU
		{AFEA4601-7938-44D2-A295-DBA022069F5B}.Release|x64.Build.0 = Release|Any CPU
		{AA085181-BBB4-495E-BFD8-7AE4BB52A0A0}.Debug|Any CPU.ActiveCfg = Debug|Any CPU
		{AA085181-BBB4-495E-BFD8-7AE4BB52A0A0}.Debug|Any CPU.Build.0 = Debug|Any CPU
		{AA085181-BBB4-495E-BFD8-7AE4BB52A0A0}.Debug|x64.ActiveCfg = Debug|Any CPU
		{AA085181-BBB4-495E-BFD8-7AE4BB52A0A0}.Debug|x64.Build.0 = Debug|Any CPU
		{AA085181-BBB4-495E-BFD8-7AE4BB52A0A0}.Release|Any CPU.ActiveCfg = Release|Any CPU
		{AA085181-BBB4-495E-BFD8-7AE4BB52A0A0}.Release|Any CPU.Build.0 = Release|Any CPU
		{AA085181-BBB4-495E-BFD8-7AE4BB52A0A0}.Release|x64.ActiveCfg = Release|Any CPU
		{AA085181-BBB4-495E-BFD8-7AE4BB52A0A0}.Release|x64.Build.0 = Release|Any CPU
		{789E4584-5616-4F0C-A3E8-88669B6AA91F}.Debug|Any CPU.ActiveCfg = Debug|Any CPU
		{789E4584-5616-4F0C-A3E8-88669B6AA91F}.Debug|Any CPU.Build.0 = Debug|Any CPU
		{789E4584-5616-4F0C-A3E8-88669B6AA91F}.Debug|x64.ActiveCfg = Debug|Any CPU
		{789E4584-5616-4F0C-A3E8-88669B6AA91F}.Debug|x64.Build.0 = Debug|Any CPU
		{789E4584-5616-4F0C-A3E8-88669B6AA91F}.Release|Any CPU.ActiveCfg = Release|Any CPU
		{789E4584-5616-4F0C-A3E8-88669B6AA91F}.Release|Any CPU.Build.0 = Release|Any CPU
		{789E4584-5616-4F0C-A3E8-88669B6AA91F}.Release|x64.ActiveCfg = Release|Any CPU
		{789E4584-5616-4F0C-A3E8-88669B6AA91F}.Release|x64.Build.0 = Release|Any CPU
		{4501CDFF-8B39-40FB-AFF2-B5D3D0526CC1}.Debug|Any CPU.ActiveCfg = Debug|Any CPU
		{4501CDFF-8B39-40FB-AFF2-B5D3D0526CC1}.Debug|Any CPU.Build.0 = Debug|Any CPU
		{4501CDFF-8B39-40FB-AFF2-B5D3D0526CC1}.Debug|x64.ActiveCfg = Debug|Any CPU
		{4501CDFF-8B39-40FB-AFF2-B5D3D0526CC1}.Debug|x64.Build.0 = Debug|Any CPU
		{4501CDFF-8B39-40FB-AFF2-B5D3D0526CC1}.Release|Any CPU.ActiveCfg = Release|Any CPU
		{4501CDFF-8B39-40FB-AFF2-B5D3D0526CC1}.Release|Any CPU.Build.0 = Release|Any CPU
		{4501CDFF-8B39-40FB-AFF2-B5D3D0526CC1}.Release|x64.ActiveCfg = Release|Any CPU
		{4501CDFF-8B39-40FB-AFF2-B5D3D0526CC1}.Release|x64.Build.0 = Release|Any CPU
		{F48FDD6D-67D1-4A64-A81E-AC36A4678694}.Debug|Any CPU.ActiveCfg = Debug|Any CPU
		{F48FDD6D-67D1-4A64-A81E-AC36A4678694}.Debug|Any CPU.Build.0 = Debug|Any CPU
		{F48FDD6D-67D1-4A64-A81E-AC36A4678694}.Debug|x64.ActiveCfg = Debug|Any CPU
		{F48FDD6D-67D1-4A64-A81E-AC36A4678694}.Debug|x64.Build.0 = Debug|Any CPU
		{F48FDD6D-67D1-4A64-A81E-AC36A4678694}.Release|Any CPU.ActiveCfg = Release|Any CPU
		{F48FDD6D-67D1-4A64-A81E-AC36A4678694}.Release|Any CPU.Build.0 = Release|Any CPU
		{F48FDD6D-67D1-4A64-A81E-AC36A4678694}.Release|x64.ActiveCfg = Release|Any CPU
		{F48FDD6D-67D1-4A64-A81E-AC36A4678694}.Release|x64.Build.0 = Release|Any CPU
		{6BE36716-655D-4847-A1A4-B30D77ADA7E7}.Debug|Any CPU.ActiveCfg = Debug|Any CPU
		{6BE36716-655D-4847-A1A4-B30D77ADA7E7}.Debug|Any CPU.Build.0 = Debug|Any CPU
		{6BE36716-655D-4847-A1A4-B30D77ADA7E7}.Debug|x64.ActiveCfg = Debug|Any CPU
		{6BE36716-655D-4847-A1A4-B30D77ADA7E7}.Debug|x64.Build.0 = Debug|Any CPU
		{6BE36716-655D-4847-A1A4-B30D77ADA7E7}.Release|Any CPU.ActiveCfg = Release|Any CPU
		{6BE36716-655D-4847-A1A4-B30D77ADA7E7}.Release|Any CPU.Build.0 = Release|Any CPU
		{6BE36716-655D-4847-A1A4-B30D77ADA7E7}.Release|x64.ActiveCfg = Release|Any CPU
		{6BE36716-655D-4847-A1A4-B30D77ADA7E7}.Release|x64.Build.0 = Release|Any CPU
		{1450835C-BBBB-45AB-A2DA-40E4F08CBEDD}.Debug|Any CPU.ActiveCfg = Debug|x64
		{1450835C-BBBB-45AB-A2DA-40E4F08CBEDD}.Debug|x64.ActiveCfg = Debug|x64
		{1450835C-BBBB-45AB-A2DA-40E4F08CBEDD}.Debug|x64.Build.0 = Debug|x64
		{1450835C-BBBB-45AB-A2DA-40E4F08CBEDD}.Release|Any CPU.ActiveCfg = Release|x64
		{1450835C-BBBB-45AB-A2DA-40E4F08CBEDD}.Release|x64.ActiveCfg = Release|x64
		{1450835C-BBBB-45AB-A2DA-40E4F08CBEDD}.Release|x64.Build.0 = Release|x64
		{EE88EB42-D1EC-4ECB-8D7F-515088F02A17}.Debug|Any CPU.ActiveCfg = Debug|x64
		{EE88EB42-D1EC-4ECB-8D7F-515088F02A17}.Debug|x64.ActiveCfg = Debug|x64
		{EE88EB42-D1EC-4ECB-8D7F-515088F02A17}.Debug|x64.Build.0 = Debug|x64
		{EE88EB42-D1EC-4ECB-8D7F-515088F02A17}.Release|Any CPU.ActiveCfg = Release|x64
		{EE88EB42-D1EC-4ECB-8D7F-515088F02A17}.Release|x64.ActiveCfg = Release|x64
		{EE88EB42-D1EC-4ECB-8D7F-515088F02A17}.Release|x64.Build.0 = Release|x64
		{1022E620-9D0D-42AB-91B0-D510AC02E810}.Debug|Any CPU.ActiveCfg = Debug|x64
		{1022E620-9D0D-42AB-91B0-D510AC02E810}.Debug|x64.ActiveCfg = Debug|x64
		{1022E620-9D0D-42AB-91B0-D510AC02E810}.Debug|x64.Build.0 = Debug|x64
		{1022E620-9D0D-42AB-91B0-D510AC02E810}.Release|Any CPU.ActiveCfg = Release|x64
		{1022E620-9D0D-42AB-91B0-D510AC02E810}.Release|x64.ActiveCfg = Release|x64
		{1022E620-9D0D-42AB-91B0-D510AC02E810}.Release|x64.Build.0 = Release|x64
		{AC0FBDFD-4E40-45F0-9F17-C3DC2C76CBDE}.Debug|Any CPU.ActiveCfg = Debug|x64
		{AC0FBDFD-4E40-45F0-9F17-C3DC2C76CBDE}.Debug|x64.ActiveCfg = Debug|x64
		{AC0FBDFD-4E40-45F0-9F17-C3DC2C76CBDE}.Debug|x64.Build.0 = Debug|x64
		{AC0FBDFD-4E40-45F0-9F17-C3DC2C76CBDE}.Release|Any CPU.ActiveCfg = Release|x64
		{AC0FBDFD-4E40-45F0-9F17-C3DC2C76CBDE}.Release|x64.ActiveCfg = Release|x64
		{AC0FBDFD-4E40-45F0-9F17-C3DC2C76CBDE}.Release|x64.Build.0 = Release|x64
		{41FA41CD-24CD-4DE8-B5F8-CAC5F754D127}.Debug|Any CPU.ActiveCfg = Debug|Any CPU
		{41FA41CD-24CD-4DE8-B5F8-CAC5F754D127}.Debug|Any CPU.Build.0 = Debug|Any CPU
		{41FA41CD-24CD-4DE8-B5F8-CAC5F754D127}.Debug|x64.ActiveCfg = Debug|Any CPU
		{41FA41CD-24CD-4DE8-B5F8-CAC5F754D127}.Debug|x64.Build.0 = Debug|Any CPU
		{41FA41CD-24CD-4DE8-B5F8-CAC5F754D127}.Release|Any CPU.ActiveCfg = Release|Any CPU
		{41FA41CD-24CD-4DE8-B5F8-CAC5F754D127}.Release|Any CPU.Build.0 = Release|Any CPU
		{41FA41CD-24CD-4DE8-B5F8-CAC5F754D127}.Release|x64.ActiveCfg = Release|Any CPU
		{41FA41CD-24CD-4DE8-B5F8-CAC5F754D127}.Release|x64.Build.0 = Release|Any CPU
	EndGlobalSection
	GlobalSection(SolutionProperties) = preSolution
		HideSolutionNode = FALSE
	EndGlobalSection
	GlobalSection(NestedProjects) = preSolution
		{800A5906-C050-4E75-9D7C-0CB1C404A0F8} = {EAE139C2-B19C-4905-9117-8A4068ABD3D2}
		{94FEB14E-D123-486D-A24D-D2BE725D96E3} = {EAE139C2-B19C-4905-9117-8A4068ABD3D2}
		{E538B76A-513F-46D5-9F14-E35E79B484CA} = {EAE139C2-B19C-4905-9117-8A4068ABD3D2}
		{B03C69FA-F8AE-4037-B241-821DD00BC0E4} = {15D29FFD-6142-4DC5-AFFD-10BA0CA55C45}
		{87C7B091-95DA-4818-B4D5-DF403A483F53} = {15D29FFD-6142-4DC5-AFFD-10BA0CA55C45}
		{6E821949-A691-49DB-AC40-42D4CD759546} = {EAE139C2-B19C-4905-9117-8A4068ABD3D2}
		{5E0010F1-50B8-4FC5-A9C2-38D7DF73A0D2} = {15D29FFD-6142-4DC5-AFFD-10BA0CA55C45}
		{1B33E5B8-7162-4DA9-834F-4BE5E236CEBD} = {EAE139C2-B19C-4905-9117-8A4068ABD3D2}
		{22B296FE-26B4-4B84-8CF5-614F9D3716A6} = {15D29FFD-6142-4DC5-AFFD-10BA0CA55C45}
		{6650A6CC-3B56-4D86-8DAA-FD0C8830113A} = {15D29FFD-6142-4DC5-AFFD-10BA0CA55C45}
		{42F81858-3CE9-4C9B-BA36-378FE36600E1} = {EAE139C2-B19C-4905-9117-8A4068ABD3D2}
		{528DB00C-F8AE-4703-80E5-ECC37AC56A9E} = {15D29FFD-6142-4DC5-AFFD-10BA0CA55C45}
		{8B3DE868-8062-42C6-8D8A-A905A0D25DE4} = {EAE139C2-B19C-4905-9117-8A4068ABD3D2}
		{AFDF6339-EE03-4F76-BFB5-024713230D91} = {15D29FFD-6142-4DC5-AFFD-10BA0CA55C45}
		{0735CA29-50F0-4D29-9CDD-8121437D8170} = {EAE139C2-B19C-4905-9117-8A4068ABD3D2}
		{5D10A9EE-C328-43EC-B9EF-A6B683AD44C3} = {15D29FFD-6142-4DC5-AFFD-10BA0CA55C45}
		{4EB83447-271F-458D-8899-F2FB2C087CBE} = {EAE139C2-B19C-4905-9117-8A4068ABD3D2}
		{75C364C1-0785-4EDD-9DB8-B0B21F27573C} = {15D29FFD-6142-4DC5-AFFD-10BA0CA55C45}
		{84433C94-9CB7-4D6F-B2C1-C16B6F7F277C} = {EAE139C2-B19C-4905-9117-8A4068ABD3D2}
		{FB78D861-F3DF-412D-8A3D-D1756ADA39D4} = {15D29FFD-6142-4DC5-AFFD-10BA0CA55C45}
		{2051FCAC-D4C7-498D-B935-2E9E6DEA0C29} = {1B9A916F-DDAC-4675-B424-EDEDC1A58231}
		{D97693D7-6A83-4143-83D8-621AC545D961} = {1B9A916F-DDAC-4675-B424-EDEDC1A58231}
		{59F274B7-0FC5-4AD6-A8AE-27BF6F15CC12} = {EAE139C2-B19C-4905-9117-8A4068ABD3D2}
		{6181B889-81B0-4A1E-A29F-E20DCD8BFC1F} = {15D29FFD-6142-4DC5-AFFD-10BA0CA55C45}
		{CB7A2800-8E98-4CD5-A88A-832E03AF7ABF} = {EAE139C2-B19C-4905-9117-8A4068ABD3D2}
		{A52CC0A6-D860-418C-8B08-8A1388D96D71} = {EAE139C2-B19C-4905-9117-8A4068ABD3D2}
		{2B3B9594-5074-48CE-BFC5-DA02B56C16CA} = {EAE139C2-B19C-4905-9117-8A4068ABD3D2}
		{B20B4F10-E43C-4BCC-B30C-856234BEA09F} = {EAE139C2-B19C-4905-9117-8A4068ABD3D2}
		{8434A954-52E4-4C8E-81F6-502CA828507B} = {15D29FFD-6142-4DC5-AFFD-10BA0CA55C45}
		{38F19BA9-EA00-4EB5-952A-0FAF43FFAA3D} = {EAE139C2-B19C-4905-9117-8A4068ABD3D2}
		{979B426B-1083-48EC-902D-462DEE8127F8} = {1B9A916F-DDAC-4675-B424-EDEDC1A58231}
		{143DEC12-3B3E-421A-A724-D00BE552D546} = {1B9A916F-DDAC-4675-B424-EDEDC1A58231}
		{246B2AEE-EC8B-4BCA-A6AC-959F5651AE4F} = {1B9A916F-DDAC-4675-B424-EDEDC1A58231}
		{247C062D-8A16-4DD8-93B4-1D1C3D49B498} = {1B9A916F-DDAC-4675-B424-EDEDC1A58231}
		{BBE830D7-3AD3-41D9-8257-8CAA06F38E40} = {EAE139C2-B19C-4905-9117-8A4068ABD3D2}
		{7DFE2D04-EA64-45C9-B5F6-89B435E7C8B6} = {15D29FFD-6142-4DC5-AFFD-10BA0CA55C45}
		{A8EDFB26-17B5-48C0-BF38-E521EF5476E4} = {EAE139C2-B19C-4905-9117-8A4068ABD3D2}
		{D45CAF59-5133-4995-AED2-EC6C3D41E3E3} = {1B9A916F-DDAC-4675-B424-EDEDC1A58231}
		{A1DA94FF-5E0F-42F6-BC11-00680E4B9302} = {D73CF3DE-0673-4846-B68F-ECFB836F14ED}
		{072C5F7C-4B75-46C9-A54D-774DA77ED1D1} = {15D29FFD-6142-4DC5-AFFD-10BA0CA55C45}
		{0FE19EFE-98D7-4243-A8CC-30BCFFFC4499} = {EAE139C2-B19C-4905-9117-8A4068ABD3D2}
		{73CDDF96-B025-46F1-AFF1-121B3830AD81} = {EAE139C2-B19C-4905-9117-8A4068ABD3D2}
		{EABB9170-7F7C-404B-A248-DFB5A13879BA} = {EAE139C2-B19C-4905-9117-8A4068ABD3D2}
		{6E5AA962-D466-4E9E-B682-6BB9CD96B6F8} = {EAE139C2-B19C-4905-9117-8A4068ABD3D2}
		{8FEFF18B-3546-4237-8FD1-9F184BC7B4C7} = {1B9A916F-DDAC-4675-B424-EDEDC1A58231}
		{E98CB412-9684-4061-8E76-B6CD12A3C32A} = {1B9A916F-DDAC-4675-B424-EDEDC1A58231}
		{A1CF9560-A6A0-4270-9569-0D117AFA799C} = {1B9A916F-DDAC-4675-B424-EDEDC1A58231}
		{398E3C08-1628-4985-B3F3-36396A276E6F} = {1B9A916F-DDAC-4675-B424-EDEDC1A58231}
		{C2781309-00DE-4AC4-ABBB-12FF26B8BFB7} = {15D29FFD-6142-4DC5-AFFD-10BA0CA55C45}
		{DE629FE5-BC8A-4597-B19C-DDAB5EC1528D} = {EAE139C2-B19C-4905-9117-8A4068ABD3D2}
		{D71A7BBE-E64A-4F2E-B2A9-6D742FE94ED9} = {EAE139C2-B19C-4905-9117-8A4068ABD3D2}
		{B8BC6552-6409-4BE1-B085-E8E6513EC251} = {7FFED910-450B-4D6E-9085-6E5A6731D72A}
		{C83A089D-7B30-46BB-BBE3-AFBBAFB9A40D} = {1B9A916F-DDAC-4675-B424-EDEDC1A58231}
		{6BBFFE59-0597-4ADA-A592-CED25C05C01A} = {15D29FFD-6142-4DC5-AFFD-10BA0CA55C45}
		{53209209-7239-4FEB-BE8D-B2DF6145BBDA} = {15D29FFD-6142-4DC5-AFFD-10BA0CA55C45}
		{2576847F-BFFC-4F0A-B883-28F2E38FEC7F} = {1B9A916F-DDAC-4675-B424-EDEDC1A58231}
		{AFEA4601-7938-44D2-A295-DBA022069F5B} = {15D29FFD-6142-4DC5-AFFD-10BA0CA55C45}
		{AA085181-BBB4-495E-BFD8-7AE4BB52A0A0} = {15D29FFD-6142-4DC5-AFFD-10BA0CA55C45}
		{789E4584-5616-4F0C-A3E8-88669B6AA91F} = {EAE139C2-B19C-4905-9117-8A4068ABD3D2}
		{4501CDFF-8B39-40FB-AFF2-B5D3D0526CC1} = {1B9A916F-DDAC-4675-B424-EDEDC1A58231}
		{F48FDD6D-67D1-4A64-A81E-AC36A4678694} = {1B9A916F-DDAC-4675-B424-EDEDC1A58231}
		{6BE36716-655D-4847-A1A4-B30D77ADA7E7} = {1B9A916F-DDAC-4675-B424-EDEDC1A58231}
		{41FA41CD-24CD-4DE8-B5F8-CAC5F754D127} = {15D29FFD-6142-4DC5-AFFD-10BA0CA55C45}
	EndGlobalSection
	GlobalSection(ExtensibilityGlobals) = postSolution
		SolutionGuid = {6C780ABA-5872-4B83-AD3F-A5BD423AD907}
	EndGlobalSection
EndGlobal
